// !$*UTF8*$!
{
	archiveVersion = 1;
	classes = {
	};
	objectVersion = 56;
	objects = {

/* Begin PBXBuildFile section */
		A36BC3772C18527A005616A5 /* MyServicesView.swift in Sources */ = {isa = PBXBuildFile; fileRef = A36BC3762C18527A005616A5 /* MyServicesView.swift */; };
		A36BC3792C185396005616A5 /* MyServiceViewModel.swift in Sources */ = {isa = PBXBuildFile; fileRef = A36BC3782C185396005616A5 /* MyServiceViewModel.swift */; };
		A36BC3802C1862DA005616A5 /* PaymentHistoryCell.swift in Sources */ = {isa = PBXBuildFile; fileRef = A36BC37F2C1862DA005616A5 /* PaymentHistoryCell.swift */; };
		A36BC3842C186961005616A5 /* PaymentMethodCell.swift in Sources */ = {isa = PBXBuildFile; fileRef = A36BC3832C186961005616A5 /* PaymentMethodCell.swift */; };
		A36BC3882C1879CC005616A5 /* PaymentListView.swift in Sources */ = {isa = PBXBuildFile; fileRef = A36BC3872C1879CC005616A5 /* PaymentListView.swift */; };
		A36BC38A2C187A0B005616A5 /* PaymentListViewModel.swift in Sources */ = {isa = PBXBuildFile; fileRef = A36BC3892C187A0B005616A5 /* PaymentListViewModel.swift */; };
		A36BC38C2C1996B3005616A5 /* ReviewsListView.swift in Sources */ = {isa = PBXBuildFile; fileRef = A36BC38B2C1996B3005616A5 /* ReviewsListView.swift */; };
		A36BC38E2C19976A005616A5 /* ReviewCell.swift in Sources */ = {isa = PBXBuildFile; fileRef = A36BC38D2C19976A005616A5 /* ReviewCell.swift */; };
		A36BC3902C19A508005616A5 /* CareGiverHomeScreenViewModel.swift in Sources */ = {isa = PBXBuildFile; fileRef = A36BC38F2C19A508005616A5 /* CareGiverHomeScreenViewModel.swift */; };
		A36BC3922C19A6B2005616A5 /* JobsModel.swift in Sources */ = {isa = PBXBuildFile; fileRef = A36BC3912C19A6B2005616A5 /* JobsModel.swift */; };
		A36BC3972C1AC689005616A5 /* FAQView.swift in Sources */ = {isa = PBXBuildFile; fileRef = A36BC3962C1AC689005616A5 /* FAQView.swift */; };
		A36BC39B2C1AC7DB005616A5 /* FAQExpandView.swift in Sources */ = {isa = PBXBuildFile; fileRef = A36BC39A2C1AC7DB005616A5 /* FAQExpandView.swift */; };
		A36BC39D2C1AE906005616A5 /* SettingsView.swift in Sources */ = {isa = PBXBuildFile; fileRef = A36BC39C2C1AE906005616A5 /* SettingsView.swift */; };
		A36BC39F2C1AEE92005616A5 /* NotificationAlertView.swift in Sources */ = {isa = PBXBuildFile; fileRef = A36BC39E2C1AEE92005616A5 /* NotificationAlertView.swift */; };
		A36BC3A12C1B0194005616A5 /* DeactivateAccountView.swift in Sources */ = {isa = PBXBuildFile; fileRef = A36BC3A02C1B0194005616A5 /* DeactivateAccountView.swift */; };
		A36BC3A32C1B0828005616A5 /* AboutUsView.swift in Sources */ = {isa = PBXBuildFile; fileRef = A36BC3A22C1B0828005616A5 /* AboutUsView.swift */; };
		A36BC3A52C1B0864005616A5 /* HeaderView.swift in Sources */ = {isa = PBXBuildFile; fileRef = A36BC3A42C1B0864005616A5 /* HeaderView.swift */; };
		A36BC3A72C1B1627005616A5 /* ReviewDetailView.swift in Sources */ = {isa = PBXBuildFile; fileRef = A36BC3A62C1B1627005616A5 /* ReviewDetailView.swift */; };
		A36BC3A92C1B1EA9005616A5 /* AccountView.swift in Sources */ = {isa = PBXBuildFile; fileRef = A36BC3A82C1B1EA9005616A5 /* AccountView.swift */; };
		A36BC3AD2C1F6734005616A5 /* GiveReviewView.swift in Sources */ = {isa = PBXBuildFile; fileRef = A36BC3AC2C1F6734005616A5 /* GiveReviewView.swift */; };
		A36BC3AF2C1F73A4005616A5 /* ReviewHoursView.swift in Sources */ = {isa = PBXBuildFile; fileRef = A36BC3AE2C1F73A4005616A5 /* ReviewHoursView.swift */; };
		A36BC3B12C1F782B005616A5 /* RatingView.swift in Sources */ = {isa = PBXBuildFile; fileRef = A36BC3B02C1F782B005616A5 /* RatingView.swift */; };
		A36DE7C32C171241002E0ACD /* CareGiverPortfolioView.swift in Sources */ = {isa = PBXBuildFile; fileRef = A36DE7C12C171241002E0ACD /* CareGiverPortfolioView.swift */; };
		A36DE7C62C171261002E0ACD /* ChatView.swift in Sources */ = {isa = PBXBuildFile; fileRef = A36DE7C42C171261002E0ACD /* ChatView.swift */; };
		A3BB879F2C1717B500C604DD /* CreateBookingModel.swift in Sources */ = {isa = PBXBuildFile; fileRef = A3BB879B2C1717B500C604DD /* CreateBookingModel.swift */; };
		A3BB87A02C1717B500C604DD /* CareGiverDetailModel.swift in Sources */ = {isa = PBXBuildFile; fileRef = A3BB879C2C1717B500C604DD /* CareGiverDetailModel.swift */; };
		A3BB87A12C1717B500C604DD /* CareGiverNearByCustomerScreenModel.swift in Sources */ = {isa = PBXBuildFile; fileRef = A3BB879D2C1717B500C604DD /* CareGiverNearByCustomerScreenModel.swift */; };
		A3BB87A22C1717B500C604DD /* BookingRecommendationModel.swift in Sources */ = {isa = PBXBuildFile; fileRef = A3BB879E2C1717B500C604DD /* BookingRecommendationModel.swift */; };
		A3BB87A42C1717ED00C604DD /* CareSeekerHomeScreenViewModel.swift in Sources */ = {isa = PBXBuildFile; fileRef = A3BB87A32C1717ED00C604DD /* CareSeekerHomeScreenViewModel.swift */; };
		A3BB87A62C17180900C604DD /* DropDownWithCheckBoxView.swift in Sources */ = {isa = PBXBuildFile; fileRef = A3BB87A52C17180900C604DD /* DropDownWithCheckBoxView.swift */; };
		A3BB87AA2C17186400C604DD /* CareGiverNearByCustomerScreenView.swift in Sources */ = {isa = PBXBuildFile; fileRef = A3BB87A72C17186400C604DD /* CareGiverNearByCustomerScreenView.swift */; };
		A3BB87AB2C17186400C604DD /* CareGiverNearByCustomerScreenViewModel.swift in Sources */ = {isa = PBXBuildFile; fileRef = A3BB87A82C17186400C604DD /* CareGiverNearByCustomerScreenViewModel.swift */; };
		A3BB87AE2C1718A500C604DD /* ReviewListView.swift in Sources */ = {isa = PBXBuildFile; fileRef = A3BB87AC2C1718A500C604DD /* ReviewListView.swift */; };
		A3BB87AF2C1718A500C604DD /* BookingCareGiverListView.swift in Sources */ = {isa = PBXBuildFile; fileRef = A3BB87AD2C1718A500C604DD /* BookingCareGiverListView.swift */; };
		A3BB87B32C1718CC00C604DD /* RecommendedCareGiverDetailScreenView.swift in Sources */ = {isa = PBXBuildFile; fileRef = A3BB87B02C1718CC00C604DD /* RecommendedCareGiverDetailScreenView.swift */; };
		A3BB87B42C1718CC00C604DD /* RecommendedCareGiverDetailScreenViewModel.swift in Sources */ = {isa = PBXBuildFile; fileRef = A3BB87B12C1718CC00C604DD /* RecommendedCareGiverDetailScreenViewModel.swift */; };
		A3BB87B72C17225000C604DD /* PersonalDetailView.swift in Sources */ = {isa = PBXBuildFile; fileRef = A3BB87B62C17225000C604DD /* PersonalDetailView.swift */; };
		A3BB87B92C173C1100C604DD /* PersonalDetailViewModel.swift in Sources */ = {isa = PBXBuildFile; fileRef = A3BB87B82C173C1100C604DD /* PersonalDetailViewModel.swift */; };
		A3FEF6002C201C2D00EFC3C2 /* JobListView.swift in Sources */ = {isa = PBXBuildFile; fileRef = A3FEF5FF2C201C2D00EFC3C2 /* JobListView.swift */; };
		A3FEF6032C201C4100EFC3C2 /* JobCell.swift in Sources */ = {isa = PBXBuildFile; fileRef = A3FEF6022C201C4100EFC3C2 /* JobCell.swift */; };
		A3FEF6052C202F0D00EFC3C2 /* JobDetailView.swift in Sources */ = {isa = PBXBuildFile; fileRef = A3FEF6042C202F0D00EFC3C2 /* JobDetailView.swift */; };
		BE09486C2C196E0D00FC2DE0 /* zoomcml.xcframework in Frameworks */ = {isa = PBXBuildFile; fileRef = A36BC3702C185163005616A5 /* zoomcml.xcframework */; };
		BE09486D2C196E0D00FC2DE0 /* zoomcml.xcframework in Embed Frameworks */ = {isa = PBXBuildFile; fileRef = A36BC3702C185163005616A5 /* zoomcml.xcframework */; settings = {ATTRIBUTES = (CodeSignOnCopy, RemoveHeadersOnCopy, ); }; };
		BE09486E2C196E0F00FC2DE0 /* ZoomVideoSDK.xcframework in Frameworks */ = {isa = PBXBuildFile; fileRef = A36BC3712C185163005616A5 /* ZoomVideoSDK.xcframework */; };
		BE09486F2C196E0F00FC2DE0 /* ZoomVideoSDK.xcframework in Embed Frameworks */ = {isa = PBXBuildFile; fileRef = A36BC3712C185163005616A5 /* ZoomVideoSDK.xcframework */; settings = {ATTRIBUTES = (CodeSignOnCopy, RemoveHeadersOnCopy, ); }; };
		BE0948702C196E1000FC2DE0 /* ZoomVideoSDKUIToolkit.xcframework in Frameworks */ = {isa = PBXBuildFile; fileRef = A36BC3722C185163005616A5 /* ZoomVideoSDKUIToolkit.xcframework */; };
		BE0948712C196E1000FC2DE0 /* ZoomVideoSDKUIToolkit.xcframework in Embed Frameworks */ = {isa = PBXBuildFile; fileRef = A36BC3722C185163005616A5 /* ZoomVideoSDKUIToolkit.xcframework */; settings = {ATTRIBUTES = (CodeSignOnCopy, RemoveHeadersOnCopy, ); }; };
		BE0948742C199B2300FC2DE0 /* AppointmentsView.swift in Sources */ = {isa = PBXBuildFile; fileRef = BE0948732C199B2300FC2DE0 /* AppointmentsView.swift */; };
		BE0948772C19BE7500FC2DE0 /* ServiceDetailScreenView.swift in Sources */ = {isa = PBXBuildFile; fileRef = BE0948762C19BE7500FC2DE0 /* ServiceDetailScreenView.swift */; };
		BE1191AE2C0706B70076AFB4 /* ReferAndEarnScreenView.swift in Sources */ = {isa = PBXBuildFile; fileRef = BE1191AD2C0706B70076AFB4 /* ReferAndEarnScreenView.swift */; };
		BE1191B02C074BDB0076AFB4 /* InterviewScheduledScreenView.swift in Sources */ = {isa = PBXBuildFile; fileRef = BE1191AF2C074BDB0076AFB4 /* InterviewScheduledScreenView.swift */; };
		BE1573B12BF5D1CD00A6137D /* UserSelectionScreenView.swift in Sources */ = {isa = PBXBuildFile; fileRef = BE1573B02BF5D1CD00A6137D /* UserSelectionScreenView.swift */; };
		BE1573B32BF5F06E00A6137D /* SocialLoginScreenView.swift in Sources */ = {isa = PBXBuildFile; fileRef = BE1573B22BF5F06E00A6137D /* SocialLoginScreenView.swift */; };
		BE1573B52BF6115600A6137D /* MobileNumberScreenView.swift in Sources */ = {isa = PBXBuildFile; fileRef = BE1573B42BF6115600A6137D /* MobileNumberScreenView.swift */; };
		BE1573B72BF62D7A00A6137D /* OTPVerificationScreenView.swift in Sources */ = {isa = PBXBuildFile; fileRef = BE1573B62BF62D7A00A6137D /* OTPVerificationScreenView.swift */; };
		BE1573BE2BF64C9400A6137D /* StringExtention.swift in Sources */ = {isa = PBXBuildFile; fileRef = BE1573BD2BF64C9400A6137D /* StringExtention.swift */; };
		BE1EB9EC2C22D0C7006A8B1F /* BookingViewModel.swift in Sources */ = {isa = PBXBuildFile; fileRef = BE1EB9EB2C22D0C7006A8B1F /* BookingViewModel.swift */; };
		BE2DE0CC2BFF6BFF00B14C13 /* RegistrationDataModel.swift in Sources */ = {isa = PBXBuildFile; fileRef = BE2DE0CB2BFF6BFF00B14C13 /* RegistrationDataModel.swift */; };
		BE3C7F222C1AF910000848A6 /* ServiceCancelScreenView.swift in Sources */ = {isa = PBXBuildFile; fileRef = BE3C7F212C1AF910000848A6 /* ServiceCancelScreenView.swift */; };
		BE3C7F242C1C1556000848A6 /* InboxScreenView.swift in Sources */ = {isa = PBXBuildFile; fileRef = BE3C7F232C1C1556000848A6 /* InboxScreenView.swift */; };
		BE3C7F282C1C1F4C000848A6 /* BookingScreenView.swift in Sources */ = {isa = PBXBuildFile; fileRef = BE3C7F272C1C1F4C000848A6 /* BookingScreenView.swift */; };
		BE3C7F2B2C1C2438000848A6 /* BookingView.swift in Sources */ = {isa = PBXBuildFile; fileRef = BE3C7F2A2C1C2438000848A6 /* BookingView.swift */; };
		BE3C7F2D2C1C2E2D000848A6 /* GiverTabbarScreenView.swift in Sources */ = {isa = PBXBuildFile; fileRef = BE3C7F2C2C1C2E2D000848A6 /* GiverTabbarScreenView.swift */; };
		BE3C7F302C1C3EE7000848A6 /* ProfileDetailScreenView.swift in Sources */ = {isa = PBXBuildFile; fileRef = BE3C7F2F2C1C3EE7000848A6 /* ProfileDetailScreenView.swift */; };
		BE3C7F322C1C4917000848A6 /* AddNewProfileScreenView.swift in Sources */ = {isa = PBXBuildFile; fileRef = BE3C7F312C1C4917000848A6 /* AddNewProfileScreenView.swift */; };
		BE3C7F352C1C4C5F000848A6 /* AddNewProfileScreenViewModel.swift in Sources */ = {isa = PBXBuildFile; fileRef = BE3C7F342C1C4C5F000848A6 /* AddNewProfileScreenViewModel.swift */; };
		BE484DD12C1AE273001E3901 /* ConsumerTabBarScreenView.swift in Sources */ = {isa = PBXBuildFile; fileRef = BE484DD02C1AE273001E3901 /* ConsumerTabBarScreenView.swift */; };
		BE4FBD9C2BFB04DE003442BB /* ExperienceandSkillsView.swift in Sources */ = {isa = PBXBuildFile; fileRef = BE4FBD9B2BFB04DE003442BB /* ExperienceandSkillsView.swift */; };
		BE4FBD9E2BFB0FD7003442BB /* PillView.swift in Sources */ = {isa = PBXBuildFile; fileRef = BE4FBD9D2BFB0FD7003442BB /* PillView.swift */; };
		BE4FBDA02BFB1E76003442BB /* CheckBoxView.swift in Sources */ = {isa = PBXBuildFile; fileRef = BE4FBD9F2BFB1E76003442BB /* CheckBoxView.swift */; };
		BE4FBDA22BFB4521003442BB /* URLExtention.swift in Sources */ = {isa = PBXBuildFile; fileRef = BE4FBDA12BFB4521003442BB /* URLExtention.swift */; };
		BE4FBDA52BFB5242003442BB /* PreferenceView.swift in Sources */ = {isa = PBXBuildFile; fileRef = BE4FBDA42BFB5242003442BB /* PreferenceView.swift */; };
		BE4FBDA92BFB5EFB003442BB /* EmergencyContactView.swift in Sources */ = {isa = PBXBuildFile; fileRef = BE4FBDA82BFB5EFB003442BB /* EmergencyContactView.swift */; };
		BE4FBDAC2BFB6496003442BB /* PreferenceCareSeekarView.swift in Sources */ = {isa = PBXBuildFile; fileRef = BE4FBDAB2BFB6496003442BB /* PreferenceCareSeekarView.swift */; };
		BE4FBDAE2BFB6BE4003442BB /* CircleCheckBoxView.swift in Sources */ = {isa = PBXBuildFile; fileRef = BE4FBDAD2BFB6BE4003442BB /* CircleCheckBoxView.swift */; };
		BE4FBDB12BFB7F5F003442BB /* PersonalInformationSeekerView.swift in Sources */ = {isa = PBXBuildFile; fileRef = BE4FBDB02BFB7F5F003442BB /* PersonalInformationSeekerView.swift */; };
		BE4FBDB42BFB8037003442BB /* HealthInformationSeekerView.swift in Sources */ = {isa = PBXBuildFile; fileRef = BE4FBDB32BFB8037003442BB /* HealthInformationSeekerView.swift */; };
		BE4FBDB72BFB8406003442BB /* SelectProfileImageView.swift in Sources */ = {isa = PBXBuildFile; fileRef = BE4FBDB62BFB8406003442BB /* SelectProfileImageView.swift */; };
		BE4FBDB92BFB8AAC003442BB /* CameraView.swift in Sources */ = {isa = PBXBuildFile; fileRef = BE4FBDB82BFB8AAC003442BB /* CameraView.swift */; };
		BE4FBDBB2BFB96CD003442BB /* DropDownView.swift in Sources */ = {isa = PBXBuildFile; fileRef = BE4FBDBA2BFB96CD003442BB /* DropDownView.swift */; };
		BE50EC062BFDC9FF00175566 /* SocialLoginScreenViewModel.swift in Sources */ = {isa = PBXBuildFile; fileRef = BE50EC052BFDC9FF00175566 /* SocialLoginScreenViewModel.swift */; };
		BE50EC082BFDD88C00175566 /* Defaults.swift in Sources */ = {isa = PBXBuildFile; fileRef = BE50EC072BFDD88C00175566 /* Defaults.swift */; };
		BE50EC0A2BFDDE5600175566 /* APIClient.swift in Sources */ = {isa = PBXBuildFile; fileRef = BE50EC092BFDDE5600175566 /* APIClient.swift */; };
		BE644E2F2BF495D800A6781F /* KryupaApp.swift in Sources */ = {isa = PBXBuildFile; fileRef = BE644E2E2BF495D800A6781F /* KryupaApp.swift */; };
		BE644E312BF495D800A6781F /* SplashView.swift in Sources */ = {isa = PBXBuildFile; fileRef = BE644E302BF495D800A6781F /* SplashView.swift */; };
		BE644E332BF495D900A6781F /* Assets.xcassets in Resources */ = {isa = PBXBuildFile; fileRef = BE644E322BF495D900A6781F /* Assets.xcassets */; };
		BE644E362BF495D900A6781F /* Preview Assets.xcassets in Resources */ = {isa = PBXBuildFile; fileRef = BE644E352BF495D900A6781F /* Preview Assets.xcassets */; };
		BE644E412BF49CEA00A6781F /* APIConstant.swift in Sources */ = {isa = PBXBuildFile; fileRef = BE644E402BF49CEA00A6781F /* APIConstant.swift */; };
		BE644E432BF4BB7C00A6781F /* NetworkManager.swift in Sources */ = {isa = PBXBuildFile; fileRef = BE644E422BF4BB7C00A6781F /* NetworkManager.swift */; };
		BE644E452BF4BC8700A6781F /* GoogleSignupModel.swift in Sources */ = {isa = PBXBuildFile; fileRef = BE644E442BF4BC8700A6781F /* GoogleSignupModel.swift */; };
		BE644E492BF4CBC900A6781F /* SwiftfulRouting in Frameworks */ = {isa = PBXBuildFile; productRef = BE644E482BF4CBC900A6781F /* SwiftfulRouting */; };
		BE644E4C2BF4CFAE00A6781F /* IntroductionScreenView.swift in Sources */ = {isa = PBXBuildFile; fileRef = BE644E4B2BF4CFAE00A6781F /* IntroductionScreenView.swift */; };
		BE644E8B2BF4D86D00A6781F /* SwiftfulUI in Frameworks */ = {isa = PBXBuildFile; productRef = BE644E8A2BF4D86D00A6781F /* SwiftfulUI */; };
		BE644E922BF50ED300A6781F /* PlusJakartaDisplay-Bold.otf in Resources */ = {isa = PBXBuildFile; fileRef = BE644E8E2BF50ED300A6781F /* PlusJakartaDisplay-Bold.otf */; };
		BE644E932BF50ED300A6781F /* PlusJakartaDisplay-Medium.otf in Resources */ = {isa = PBXBuildFile; fileRef = BE644E8F2BF50ED300A6781F /* PlusJakartaDisplay-Medium.otf */; };
		BE644E942BF50ED300A6781F /* PlusJakartaDisplay-Regular.otf in Resources */ = {isa = PBXBuildFile; fileRef = BE644E902BF50ED300A6781F /* PlusJakartaDisplay-Regular.otf */; };
		BE644E952BF50ED300A6781F /* PlusJakartaDisplay-Light.otf in Resources */ = {isa = PBXBuildFile; fileRef = BE644E912BF50ED300A6781F /* PlusJakartaDisplay-Light.otf */; };
		BE644E9C2BF50F4500A6781F /* Besley-Bold.ttf in Resources */ = {isa = PBXBuildFile; fileRef = BE644E972BF50F4500A6781F /* Besley-Bold.ttf */; };
		BE644E9D2BF50F4500A6781F /* Besley-Medium.ttf in Resources */ = {isa = PBXBuildFile; fileRef = BE644E982BF50F4500A6781F /* Besley-Medium.ttf */; };
		BE644E9E2BF50F4500A6781F /* Besley-Italic.ttf in Resources */ = {isa = PBXBuildFile; fileRef = BE644E992BF50F4500A6781F /* Besley-Italic.ttf */; };
		BE644E9F2BF50F4500A6781F /* Besley-SemiBold.ttf in Resources */ = {isa = PBXBuildFile; fileRef = BE644E9A2BF50F4500A6781F /* Besley-SemiBold.ttf */; };
		BE644EA02BF50F4500A6781F /* Besley-Regular.ttf in Resources */ = {isa = PBXBuildFile; fileRef = BE644E9B2BF50F4500A6781F /* Besley-Regular.ttf */; };
		BE6BA4792C086DEF005361C3 /* BGVInterviewSlotsListModel.swift in Sources */ = {isa = PBXBuildFile; fileRef = BE6BA4782C086DEF005361C3 /* BGVInterviewSlotsListModel.swift */; };
		BE6BA47B2C086E7C005361C3 /* BGVTimeSlotScreenViewModel.swift in Sources */ = {isa = PBXBuildFile; fileRef = BE6BA47A2C086E7C005361C3 /* BGVTimeSlotScreenViewModel.swift */; };
		BE6BA47E2C08A245005361C3 /* CareGiverHomeScreenView.swift in Sources */ = {isa = PBXBuildFile; fileRef = BE6BA47D2C08A245005361C3 /* CareGiverHomeScreenView.swift */; };
		BE7B2C532BF79F53005CFD66 /* PersonalInformationScreenViewModel.swift in Sources */ = {isa = PBXBuildFile; fileRef = BE7B2C522BF79F52005CFD66 /* PersonalInformationScreenViewModel.swift */; };
		BE7B2C582BF7A41B005CFD66 /* OTPTextFieldView.swift in Sources */ = {isa = PBXBuildFile; fileRef = BE7B2C572BF7A41B005CFD66 /* OTPTextFieldView.swift */; };
		BE7DDDAE2C181D0300A71632 /* ZoomScreenView.swift in Sources */ = {isa = PBXBuildFile; fileRef = BE7DDDAD2C181D0300A71632 /* ZoomScreenView.swift */; };
		BE7DDDB02C18317000A71632 /* LobbyScreenViewModel.swift in Sources */ = {isa = PBXBuildFile; fileRef = BE7DDDAF2C18317000A71632 /* LobbyScreenViewModel.swift */; };
		BE92FD182C09A69900EDF49C /* CareSeekerHomeScreenView.swift in Sources */ = {isa = PBXBuildFile; fileRef = BE92FD172C09A69900EDF49C /* CareSeekerHomeScreenView.swift */; };
		BE92FD1B2C09A90000EDF49C /* RecommendedCaregiverView.swift in Sources */ = {isa = PBXBuildFile; fileRef = BE92FD1A2C09A90000EDF49C /* RecommendedCaregiverView.swift */; };
		BE92FD1E2C09B31500EDF49C /* BookingFormScreenView.swift in Sources */ = {isa = PBXBuildFile; fileRef = BE92FD1D2C09B31500EDF49C /* BookingFormScreenView.swift */; };
		BE92FD202C09E10800EDF49C /* BookingFormScreenModel.swift in Sources */ = {isa = PBXBuildFile; fileRef = BE92FD1F2C09E10800EDF49C /* BookingFormScreenModel.swift */; };
		BE92FD222C09E19300EDF49C /* BookingFormScreenViewModel.swift in Sources */ = {isa = PBXBuildFile; fileRef = BE92FD212C09E19300EDF49C /* BookingFormScreenViewModel.swift */; };
		BE95D5CC2C0449D400881B3C /* IQKeyboardManagerSwift in Frameworks */ = {isa = PBXBuildFile; productRef = BE95D5CB2C0449D400881B3C /* IQKeyboardManagerSwift */; };
		BE95D5CE2C044F5400881B3C /* EmergencyContactViewModel.swift in Sources */ = {isa = PBXBuildFile; fileRef = BE95D5CD2C044F5400881B3C /* EmergencyContactViewModel.swift */; };
		BE95D5D02C04553B00881B3C /* HealthInformationSeekerViewModel.swift in Sources */ = {isa = PBXBuildFile; fileRef = BE95D5CF2C04553B00881B3C /* HealthInformationSeekerViewModel.swift */; };
		BE95D5D22C04597500881B3C /* PreferenceCareSeekarViewModel.swift in Sources */ = {isa = PBXBuildFile; fileRef = BE95D5D12C04597500881B3C /* PreferenceCareSeekarViewModel.swift */; };
		BE95D5D52C0497C700881B3C /* SelectProfileImageViewModel.swift in Sources */ = {isa = PBXBuildFile; fileRef = BE95D5D42C0497C700881B3C /* SelectProfileImageViewModel.swift */; };
		BEA63BA52BFDC73A00B6A7B0 /* FirebaseAuth in Frameworks */ = {isa = PBXBuildFile; productRef = BEA63BA42BFDC73A00B6A7B0 /* FirebaseAuth */; };
		BEA63BA82BFDC81900B6A7B0 /* GoogleSignIn in Frameworks */ = {isa = PBXBuildFile; productRef = BEA63BA72BFDC81900B6A7B0 /* GoogleSignIn */; };
		BEA63BAA2BFDC81900B6A7B0 /* GoogleSignInSwift in Frameworks */ = {isa = PBXBuildFile; productRef = BEA63BA92BFDC81900B6A7B0 /* GoogleSignInSwift */; };
		BEB68A3B2C00611000DCB9BE /* ExperienceandSkillsViewModel.swift in Sources */ = {isa = PBXBuildFile; fileRef = BEB68A3A2C00611000DCB9BE /* ExperienceandSkillsViewModel.swift */; };
		BEB68A3D2C0082BB00DCB9BE /* PreferenceViewModel.swift in Sources */ = {isa = PBXBuildFile; fileRef = BEB68A3C2C0082BB00DCB9BE /* PreferenceViewModel.swift */; };
		BEC3658B2BFCB600005AC4A0 /* SuccessfulScreeenView.swift in Sources */ = {isa = PBXBuildFile; fileRef = BEC3658A2BFCB600005AC4A0 /* SuccessfulScreeenView.swift */; };
		BEC365902BFCC364005AC4A0 /* GIFExtention.swift in Sources */ = {isa = PBXBuildFile; fileRef = BEC3658F2BFCC364005AC4A0 /* GIFExtention.swift */; };
		BEC365922BFCC400005AC4A0 /* Success.gif in Resources */ = {isa = PBXBuildFile; fileRef = BEC365912BFCC400005AC4A0 /* Success.gif */; };
		BEC8F92D2BFDBD4A00A9CC7F /* Application.swift in Sources */ = {isa = PBXBuildFile; fileRef = BEC8F92C2BFDBD4A00A9CC7F /* Application.swift */; };
		BEC8F92F2BFDC30900A9CC7F /* GoogleService-Info.plist in Resources */ = {isa = PBXBuildFile; fileRef = BEC8F92E2BFDC30900A9CC7F /* GoogleService-Info.plist */; };
		BEE28ABC2C05A3A200A3CDFF /* LobbyScreenView.swift in Sources */ = {isa = PBXBuildFile; fileRef = BEE28ABB2C05A3A200A3CDFF /* LobbyScreenView.swift */; };
		BEE28AC12C05FB9D00A3CDFF /* BGVTimeSlotScreenView.swift in Sources */ = {isa = PBXBuildFile; fileRef = BEE28AC02C05FB9D00A3CDFF /* BGVTimeSlotScreenView.swift */; };
		BEEA72022BF7366A004E7DED /* PersonalInformationScreenView.swift in Sources */ = {isa = PBXBuildFile; fileRef = BEEA72012BF7366A004E7DED /* PersonalInformationScreenView.swift */; };
		BEEB798B2C05FD32005C12AB /* WeakDayView.swift in Sources */ = {isa = PBXBuildFile; fileRef = BEEB798A2C05FD32005C12AB /* WeakDayView.swift */; };
		BEEB798D2C05FDD8005C12AB /* BannerView.swift in Sources */ = {isa = PBXBuildFile; fileRef = BEEB798C2C05FDD8005C12AB /* BannerView.swift */; };
		BEEB798F2C060223005C12AB /* AvailableTimeSlotsView.swift in Sources */ = {isa = PBXBuildFile; fileRef = BEEB798E2C060223005C12AB /* AvailableTimeSlotsView.swift */; };
		BEF2EDB42C257DB60008108C /* DateTimePickerScreenView.swift in Sources */ = {isa = PBXBuildFile; fileRef = BEF2EDB32C257DB60008108C /* DateTimePickerScreenView.swift */; };
		BEF2EDB62C25B4410008108C /* StarsView.swift in Sources */ = {isa = PBXBuildFile; fileRef = BEF2EDB52C25B4410008108C /* StarsView.swift */; };
		BEFB670D2C1708CD003ED6DF /* ChatBoxView.swift in Sources */ = {isa = PBXBuildFile; fileRef = BEFB670C2C1708CD003ED6DF /* ChatBoxView.swift */; };
/* End PBXBuildFile section */

/* Begin PBXCopyFilesBuildPhase section */
		BEB1084C2C17282300FDC55C /* Embed Frameworks */ = {
			isa = PBXCopyFilesBuildPhase;
			buildActionMask = 2147483647;
			dstPath = "";
			dstSubfolderSpec = 10;
			files = (
				BE0948712C196E1000FC2DE0 /* ZoomVideoSDKUIToolkit.xcframework in Embed Frameworks */,
				BE09486D2C196E0D00FC2DE0 /* zoomcml.xcframework in Embed Frameworks */,
				BE09486F2C196E0F00FC2DE0 /* ZoomVideoSDK.xcframework in Embed Frameworks */,
			);
			name = "Embed Frameworks";
			runOnlyForDeploymentPostprocessing = 0;
		};
/* End PBXCopyFilesBuildPhase section */

/* Begin PBXFileReference section */
		A36BC3702C185163005616A5 /* zoomcml.xcframework */ = {isa = PBXFileReference; lastKnownFileType = wrapper.xcframework; name = zoomcml.xcframework; path = Kryupa/Frameworks/zoomcml.xcframework; sourceTree = "<group>"; };
		A36BC3712C185163005616A5 /* ZoomVideoSDK.xcframework */ = {isa = PBXFileReference; lastKnownFileType = wrapper.xcframework; name = ZoomVideoSDK.xcframework; path = Kryupa/Frameworks/ZoomVideoSDK.xcframework; sourceTree = "<group>"; };
		A36BC3722C185163005616A5 /* ZoomVideoSDKUIToolkit.xcframework */ = {isa = PBXFileReference; lastKnownFileType = wrapper.xcframework; name = ZoomVideoSDKUIToolkit.xcframework; path = Kryupa/Frameworks/ZoomVideoSDKUIToolkit.xcframework; sourceTree = "<group>"; };
		A36BC3762C18527A005616A5 /* MyServicesView.swift */ = {isa = PBXFileReference; lastKnownFileType = sourcecode.swift; path = MyServicesView.swift; sourceTree = "<group>"; };
		A36BC3782C185396005616A5 /* MyServiceViewModel.swift */ = {isa = PBXFileReference; lastKnownFileType = sourcecode.swift; path = MyServiceViewModel.swift; sourceTree = "<group>"; };
		A36BC37F2C1862DA005616A5 /* PaymentHistoryCell.swift */ = {isa = PBXFileReference; lastKnownFileType = sourcecode.swift; path = PaymentHistoryCell.swift; sourceTree = "<group>"; };
		A36BC3832C186961005616A5 /* PaymentMethodCell.swift */ = {isa = PBXFileReference; lastKnownFileType = sourcecode.swift; path = PaymentMethodCell.swift; sourceTree = "<group>"; };
		A36BC3872C1879CC005616A5 /* PaymentListView.swift */ = {isa = PBXFileReference; lastKnownFileType = sourcecode.swift; path = PaymentListView.swift; sourceTree = "<group>"; };
		A36BC3892C187A0B005616A5 /* PaymentListViewModel.swift */ = {isa = PBXFileReference; lastKnownFileType = sourcecode.swift; path = PaymentListViewModel.swift; sourceTree = "<group>"; };
		A36BC38B2C1996B3005616A5 /* ReviewsListView.swift */ = {isa = PBXFileReference; lastKnownFileType = sourcecode.swift; path = ReviewsListView.swift; sourceTree = "<group>"; };
		A36BC38D2C19976A005616A5 /* ReviewCell.swift */ = {isa = PBXFileReference; lastKnownFileType = sourcecode.swift; path = ReviewCell.swift; sourceTree = "<group>"; };
		A36BC38F2C19A508005616A5 /* CareGiverHomeScreenViewModel.swift */ = {isa = PBXFileReference; lastKnownFileType = sourcecode.swift; path = CareGiverHomeScreenViewModel.swift; sourceTree = "<group>"; };
		A36BC3912C19A6B2005616A5 /* JobsModel.swift */ = {isa = PBXFileReference; lastKnownFileType = sourcecode.swift; path = JobsModel.swift; sourceTree = "<group>"; };
		A36BC3962C1AC689005616A5 /* FAQView.swift */ = {isa = PBXFileReference; lastKnownFileType = sourcecode.swift; path = FAQView.swift; sourceTree = "<group>"; };
		A36BC39A2C1AC7DB005616A5 /* FAQExpandView.swift */ = {isa = PBXFileReference; lastKnownFileType = sourcecode.swift; path = FAQExpandView.swift; sourceTree = "<group>"; };
		A36BC39C2C1AE906005616A5 /* SettingsView.swift */ = {isa = PBXFileReference; lastKnownFileType = sourcecode.swift; path = SettingsView.swift; sourceTree = "<group>"; };
		A36BC39E2C1AEE92005616A5 /* NotificationAlertView.swift */ = {isa = PBXFileReference; lastKnownFileType = sourcecode.swift; path = NotificationAlertView.swift; sourceTree = "<group>"; };
		A36BC3A02C1B0194005616A5 /* DeactivateAccountView.swift */ = {isa = PBXFileReference; lastKnownFileType = sourcecode.swift; path = DeactivateAccountView.swift; sourceTree = "<group>"; };
		A36BC3A22C1B0828005616A5 /* AboutUsView.swift */ = {isa = PBXFileReference; lastKnownFileType = sourcecode.swift; path = AboutUsView.swift; sourceTree = "<group>"; };
		A36BC3A42C1B0864005616A5 /* HeaderView.swift */ = {isa = PBXFileReference; lastKnownFileType = sourcecode.swift; path = HeaderView.swift; sourceTree = "<group>"; };
		A36BC3A62C1B1627005616A5 /* ReviewDetailView.swift */ = {isa = PBXFileReference; lastKnownFileType = sourcecode.swift; path = ReviewDetailView.swift; sourceTree = "<group>"; };
		A36BC3A82C1B1EA9005616A5 /* AccountView.swift */ = {isa = PBXFileReference; lastKnownFileType = sourcecode.swift; path = AccountView.swift; sourceTree = "<group>"; };
		A36BC3AC2C1F6734005616A5 /* GiveReviewView.swift */ = {isa = PBXFileReference; lastKnownFileType = sourcecode.swift; path = GiveReviewView.swift; sourceTree = "<group>"; };
		A36BC3AE2C1F73A4005616A5 /* ReviewHoursView.swift */ = {isa = PBXFileReference; lastKnownFileType = sourcecode.swift; path = ReviewHoursView.swift; sourceTree = "<group>"; };
		A36BC3B02C1F782B005616A5 /* RatingView.swift */ = {isa = PBXFileReference; lastKnownFileType = sourcecode.swift; path = RatingView.swift; sourceTree = "<group>"; };
		A36DE7C12C171241002E0ACD /* CareGiverPortfolioView.swift */ = {isa = PBXFileReference; fileEncoding = 4; lastKnownFileType = sourcecode.swift; path = CareGiverPortfolioView.swift; sourceTree = "<group>"; };
		A36DE7C42C171261002E0ACD /* ChatView.swift */ = {isa = PBXFileReference; fileEncoding = 4; lastKnownFileType = sourcecode.swift; path = ChatView.swift; sourceTree = "<group>"; };
		A3BB879B2C1717B500C604DD /* CreateBookingModel.swift */ = {isa = PBXFileReference; fileEncoding = 4; lastKnownFileType = sourcecode.swift; path = CreateBookingModel.swift; sourceTree = "<group>"; };
		A3BB879C2C1717B500C604DD /* CareGiverDetailModel.swift */ = {isa = PBXFileReference; fileEncoding = 4; lastKnownFileType = sourcecode.swift; path = CareGiverDetailModel.swift; sourceTree = "<group>"; };
		A3BB879D2C1717B500C604DD /* CareGiverNearByCustomerScreenModel.swift */ = {isa = PBXFileReference; fileEncoding = 4; lastKnownFileType = sourcecode.swift; path = CareGiverNearByCustomerScreenModel.swift; sourceTree = "<group>"; };
		A3BB879E2C1717B500C604DD /* BookingRecommendationModel.swift */ = {isa = PBXFileReference; fileEncoding = 4; lastKnownFileType = sourcecode.swift; path = BookingRecommendationModel.swift; sourceTree = "<group>"; };
		A3BB87A32C1717ED00C604DD /* CareSeekerHomeScreenViewModel.swift */ = {isa = PBXFileReference; fileEncoding = 4; lastKnownFileType = sourcecode.swift; path = CareSeekerHomeScreenViewModel.swift; sourceTree = "<group>"; };
		A3BB87A52C17180900C604DD /* DropDownWithCheckBoxView.swift */ = {isa = PBXFileReference; fileEncoding = 4; lastKnownFileType = sourcecode.swift; path = DropDownWithCheckBoxView.swift; sourceTree = "<group>"; };
		A3BB87A72C17186400C604DD /* CareGiverNearByCustomerScreenView.swift */ = {isa = PBXFileReference; fileEncoding = 4; lastKnownFileType = sourcecode.swift; path = CareGiverNearByCustomerScreenView.swift; sourceTree = "<group>"; };
		A3BB87A82C17186400C604DD /* CareGiverNearByCustomerScreenViewModel.swift */ = {isa = PBXFileReference; fileEncoding = 4; lastKnownFileType = sourcecode.swift; path = CareGiverNearByCustomerScreenViewModel.swift; sourceTree = "<group>"; };
		A3BB87AC2C1718A500C604DD /* ReviewListView.swift */ = {isa = PBXFileReference; fileEncoding = 4; lastKnownFileType = sourcecode.swift; path = ReviewListView.swift; sourceTree = "<group>"; };
		A3BB87AD2C1718A500C604DD /* BookingCareGiverListView.swift */ = {isa = PBXFileReference; fileEncoding = 4; lastKnownFileType = sourcecode.swift; path = BookingCareGiverListView.swift; sourceTree = "<group>"; };
		A3BB87B02C1718CC00C604DD /* RecommendedCareGiverDetailScreenView.swift */ = {isa = PBXFileReference; fileEncoding = 4; lastKnownFileType = sourcecode.swift; path = RecommendedCareGiverDetailScreenView.swift; sourceTree = "<group>"; };
		A3BB87B12C1718CC00C604DD /* RecommendedCareGiverDetailScreenViewModel.swift */ = {isa = PBXFileReference; fileEncoding = 4; lastKnownFileType = sourcecode.swift; path = RecommendedCareGiverDetailScreenViewModel.swift; sourceTree = "<group>"; };
		A3BB87B62C17225000C604DD /* PersonalDetailView.swift */ = {isa = PBXFileReference; lastKnownFileType = sourcecode.swift; path = PersonalDetailView.swift; sourceTree = "<group>"; };
		A3BB87B82C173C1100C604DD /* PersonalDetailViewModel.swift */ = {isa = PBXFileReference; lastKnownFileType = sourcecode.swift; path = PersonalDetailViewModel.swift; sourceTree = "<group>"; };
		A3FEF5FF2C201C2D00EFC3C2 /* JobListView.swift */ = {isa = PBXFileReference; lastKnownFileType = sourcecode.swift; path = JobListView.swift; sourceTree = "<group>"; };
		A3FEF6022C201C4100EFC3C2 /* JobCell.swift */ = {isa = PBXFileReference; lastKnownFileType = sourcecode.swift; path = JobCell.swift; sourceTree = "<group>"; };
		A3FEF6042C202F0D00EFC3C2 /* JobDetailView.swift */ = {isa = PBXFileReference; lastKnownFileType = sourcecode.swift; path = JobDetailView.swift; sourceTree = "<group>"; };
		BE0948732C199B2300FC2DE0 /* AppointmentsView.swift */ = {isa = PBXFileReference; lastKnownFileType = sourcecode.swift; path = AppointmentsView.swift; sourceTree = "<group>"; };
		BE0948762C19BE7500FC2DE0 /* ServiceDetailScreenView.swift */ = {isa = PBXFileReference; lastKnownFileType = sourcecode.swift; path = ServiceDetailScreenView.swift; sourceTree = "<group>"; };
		BE1191AD2C0706B70076AFB4 /* ReferAndEarnScreenView.swift */ = {isa = PBXFileReference; lastKnownFileType = sourcecode.swift; path = ReferAndEarnScreenView.swift; sourceTree = "<group>"; };
		BE1191AF2C074BDB0076AFB4 /* InterviewScheduledScreenView.swift */ = {isa = PBXFileReference; lastKnownFileType = sourcecode.swift; path = InterviewScheduledScreenView.swift; sourceTree = "<group>"; };
		BE1573B02BF5D1CD00A6137D /* UserSelectionScreenView.swift */ = {isa = PBXFileReference; lastKnownFileType = sourcecode.swift; path = UserSelectionScreenView.swift; sourceTree = "<group>"; };
		BE1573B22BF5F06E00A6137D /* SocialLoginScreenView.swift */ = {isa = PBXFileReference; lastKnownFileType = sourcecode.swift; path = SocialLoginScreenView.swift; sourceTree = "<group>"; };
		BE1573B42BF6115600A6137D /* MobileNumberScreenView.swift */ = {isa = PBXFileReference; lastKnownFileType = sourcecode.swift; path = MobileNumberScreenView.swift; sourceTree = "<group>"; };
		BE1573B62BF62D7A00A6137D /* OTPVerificationScreenView.swift */ = {isa = PBXFileReference; lastKnownFileType = sourcecode.swift; path = OTPVerificationScreenView.swift; sourceTree = "<group>"; };
		BE1573BD2BF64C9400A6137D /* StringExtention.swift */ = {isa = PBXFileReference; lastKnownFileType = sourcecode.swift; path = StringExtention.swift; sourceTree = "<group>"; };
		BE1EB9EB2C22D0C7006A8B1F /* BookingViewModel.swift */ = {isa = PBXFileReference; lastKnownFileType = sourcecode.swift; path = BookingViewModel.swift; sourceTree = "<group>"; };
		BE2DE0CB2BFF6BFF00B14C13 /* RegistrationDataModel.swift */ = {isa = PBXFileReference; lastKnownFileType = sourcecode.swift; path = RegistrationDataModel.swift; sourceTree = "<group>"; };
		BE3C7F212C1AF910000848A6 /* ServiceCancelScreenView.swift */ = {isa = PBXFileReference; lastKnownFileType = sourcecode.swift; path = ServiceCancelScreenView.swift; sourceTree = "<group>"; };
		BE3C7F232C1C1556000848A6 /* InboxScreenView.swift */ = {isa = PBXFileReference; lastKnownFileType = sourcecode.swift; path = InboxScreenView.swift; sourceTree = "<group>"; };
		BE3C7F272C1C1F4C000848A6 /* BookingScreenView.swift */ = {isa = PBXFileReference; lastKnownFileType = sourcecode.swift; path = BookingScreenView.swift; sourceTree = "<group>"; };
		BE3C7F2A2C1C2438000848A6 /* BookingView.swift */ = {isa = PBXFileReference; lastKnownFileType = sourcecode.swift; path = BookingView.swift; sourceTree = "<group>"; };
		BE3C7F2C2C1C2E2D000848A6 /* GiverTabbarScreenView.swift */ = {isa = PBXFileReference; lastKnownFileType = sourcecode.swift; path = GiverTabbarScreenView.swift; sourceTree = "<group>"; };
		BE3C7F2F2C1C3EE7000848A6 /* ProfileDetailScreenView.swift */ = {isa = PBXFileReference; lastKnownFileType = sourcecode.swift; path = ProfileDetailScreenView.swift; sourceTree = "<group>"; };
		BE3C7F312C1C4917000848A6 /* AddNewProfileScreenView.swift */ = {isa = PBXFileReference; lastKnownFileType = sourcecode.swift; path = AddNewProfileScreenView.swift; sourceTree = "<group>"; };
		BE3C7F342C1C4C5F000848A6 /* AddNewProfileScreenViewModel.swift */ = {isa = PBXFileReference; lastKnownFileType = sourcecode.swift; path = AddNewProfileScreenViewModel.swift; sourceTree = "<group>"; };
		BE484DD02C1AE273001E3901 /* ConsumerTabBarScreenView.swift */ = {isa = PBXFileReference; lastKnownFileType = sourcecode.swift; path = ConsumerTabBarScreenView.swift; sourceTree = "<group>"; };
		BE4FBD9B2BFB04DE003442BB /* ExperienceandSkillsView.swift */ = {isa = PBXFileReference; lastKnownFileType = sourcecode.swift; path = ExperienceandSkillsView.swift; sourceTree = "<group>"; };
		BE4FBD9D2BFB0FD7003442BB /* PillView.swift */ = {isa = PBXFileReference; lastKnownFileType = sourcecode.swift; path = PillView.swift; sourceTree = "<group>"; };
		BE4FBD9F2BFB1E76003442BB /* CheckBoxView.swift */ = {isa = PBXFileReference; lastKnownFileType = sourcecode.swift; path = CheckBoxView.swift; sourceTree = "<group>"; };
		BE4FBDA12BFB4521003442BB /* URLExtention.swift */ = {isa = PBXFileReference; lastKnownFileType = sourcecode.swift; path = URLExtention.swift; sourceTree = "<group>"; };
		BE4FBDA42BFB5242003442BB /* PreferenceView.swift */ = {isa = PBXFileReference; lastKnownFileType = sourcecode.swift; path = PreferenceView.swift; sourceTree = "<group>"; };
		BE4FBDA82BFB5EFB003442BB /* EmergencyContactView.swift */ = {isa = PBXFileReference; lastKnownFileType = sourcecode.swift; path = EmergencyContactView.swift; sourceTree = "<group>"; };
		BE4FBDAB2BFB6496003442BB /* PreferenceCareSeekarView.swift */ = {isa = PBXFileReference; lastKnownFileType = sourcecode.swift; path = PreferenceCareSeekarView.swift; sourceTree = "<group>"; };
		BE4FBDAD2BFB6BE4003442BB /* CircleCheckBoxView.swift */ = {isa = PBXFileReference; lastKnownFileType = sourcecode.swift; path = CircleCheckBoxView.swift; sourceTree = "<group>"; };
		BE4FBDB02BFB7F5F003442BB /* PersonalInformationSeekerView.swift */ = {isa = PBXFileReference; lastKnownFileType = sourcecode.swift; path = PersonalInformationSeekerView.swift; sourceTree = "<group>"; };
		BE4FBDB32BFB8037003442BB /* HealthInformationSeekerView.swift */ = {isa = PBXFileReference; lastKnownFileType = sourcecode.swift; path = HealthInformationSeekerView.swift; sourceTree = "<group>"; };
		BE4FBDB62BFB8406003442BB /* SelectProfileImageView.swift */ = {isa = PBXFileReference; lastKnownFileType = sourcecode.swift; path = SelectProfileImageView.swift; sourceTree = "<group>"; };
		BE4FBDB82BFB8AAC003442BB /* CameraView.swift */ = {isa = PBXFileReference; lastKnownFileType = sourcecode.swift; path = CameraView.swift; sourceTree = "<group>"; };
		BE4FBDBA2BFB96CD003442BB /* DropDownView.swift */ = {isa = PBXFileReference; lastKnownFileType = sourcecode.swift; path = DropDownView.swift; sourceTree = "<group>"; };
		BE50EC052BFDC9FF00175566 /* SocialLoginScreenViewModel.swift */ = {isa = PBXFileReference; lastKnownFileType = sourcecode.swift; path = SocialLoginScreenViewModel.swift; sourceTree = "<group>"; };
		BE50EC072BFDD88C00175566 /* Defaults.swift */ = {isa = PBXFileReference; lastKnownFileType = sourcecode.swift; path = Defaults.swift; sourceTree = "<group>"; };
		BE50EC092BFDDE5600175566 /* APIClient.swift */ = {isa = PBXFileReference; lastKnownFileType = sourcecode.swift; path = APIClient.swift; sourceTree = "<group>"; };
		BE644E2B2BF495D800A6781F /* Kryupa.app */ = {isa = PBXFileReference; explicitFileType = wrapper.application; includeInIndex = 0; path = Kryupa.app; sourceTree = BUILT_PRODUCTS_DIR; };
		BE644E2E2BF495D800A6781F /* KryupaApp.swift */ = {isa = PBXFileReference; lastKnownFileType = sourcecode.swift; path = KryupaApp.swift; sourceTree = "<group>"; };
		BE644E302BF495D800A6781F /* SplashView.swift */ = {isa = PBXFileReference; lastKnownFileType = sourcecode.swift; path = SplashView.swift; sourceTree = "<group>"; };
		BE644E322BF495D900A6781F /* Assets.xcassets */ = {isa = PBXFileReference; lastKnownFileType = folder.assetcatalog; path = Assets.xcassets; sourceTree = "<group>"; };
		BE644E352BF495D900A6781F /* Preview Assets.xcassets */ = {isa = PBXFileReference; lastKnownFileType = folder.assetcatalog; path = "Preview Assets.xcassets"; sourceTree = "<group>"; };
		BE644E402BF49CEA00A6781F /* APIConstant.swift */ = {isa = PBXFileReference; lastKnownFileType = sourcecode.swift; path = APIConstant.swift; sourceTree = "<group>"; };
		BE644E422BF4BB7C00A6781F /* NetworkManager.swift */ = {isa = PBXFileReference; lastKnownFileType = sourcecode.swift; path = NetworkManager.swift; sourceTree = "<group>"; };
		BE644E442BF4BC8700A6781F /* GoogleSignupModel.swift */ = {isa = PBXFileReference; lastKnownFileType = sourcecode.swift; path = GoogleSignupModel.swift; sourceTree = "<group>"; };
		BE644E4B2BF4CFAE00A6781F /* IntroductionScreenView.swift */ = {isa = PBXFileReference; lastKnownFileType = sourcecode.swift; path = IntroductionScreenView.swift; sourceTree = "<group>"; };
		BE644E882BF4D4F400A6781F /* Info.plist */ = {isa = PBXFileReference; lastKnownFileType = text.plist; path = Info.plist; sourceTree = "<group>"; };
		BE644E8E2BF50ED300A6781F /* PlusJakartaDisplay-Bold.otf */ = {isa = PBXFileReference; lastKnownFileType = file; path = "PlusJakartaDisplay-Bold.otf"; sourceTree = "<group>"; };
		BE644E8F2BF50ED300A6781F /* PlusJakartaDisplay-Medium.otf */ = {isa = PBXFileReference; lastKnownFileType = file; path = "PlusJakartaDisplay-Medium.otf"; sourceTree = "<group>"; };
		BE644E902BF50ED300A6781F /* PlusJakartaDisplay-Regular.otf */ = {isa = PBXFileReference; lastKnownFileType = file; path = "PlusJakartaDisplay-Regular.otf"; sourceTree = "<group>"; };
		BE644E912BF50ED300A6781F /* PlusJakartaDisplay-Light.otf */ = {isa = PBXFileReference; lastKnownFileType = file; path = "PlusJakartaDisplay-Light.otf"; sourceTree = "<group>"; };
		BE644E972BF50F4500A6781F /* Besley-Bold.ttf */ = {isa = PBXFileReference; lastKnownFileType = file; path = "Besley-Bold.ttf"; sourceTree = "<group>"; };
		BE644E982BF50F4500A6781F /* Besley-Medium.ttf */ = {isa = PBXFileReference; lastKnownFileType = file; path = "Besley-Medium.ttf"; sourceTree = "<group>"; };
		BE644E992BF50F4500A6781F /* Besley-Italic.ttf */ = {isa = PBXFileReference; lastKnownFileType = file; path = "Besley-Italic.ttf"; sourceTree = "<group>"; };
		BE644E9A2BF50F4500A6781F /* Besley-SemiBold.ttf */ = {isa = PBXFileReference; lastKnownFileType = file; path = "Besley-SemiBold.ttf"; sourceTree = "<group>"; };
		BE644E9B2BF50F4500A6781F /* Besley-Regular.ttf */ = {isa = PBXFileReference; lastKnownFileType = file; path = "Besley-Regular.ttf"; sourceTree = "<group>"; };
		BE6BA4782C086DEF005361C3 /* BGVInterviewSlotsListModel.swift */ = {isa = PBXFileReference; lastKnownFileType = sourcecode.swift; path = BGVInterviewSlotsListModel.swift; sourceTree = "<group>"; };
		BE6BA47A2C086E7C005361C3 /* BGVTimeSlotScreenViewModel.swift */ = {isa = PBXFileReference; lastKnownFileType = sourcecode.swift; path = BGVTimeSlotScreenViewModel.swift; sourceTree = "<group>"; };
		BE6BA47D2C08A245005361C3 /* CareGiverHomeScreenView.swift */ = {isa = PBXFileReference; lastKnownFileType = sourcecode.swift; path = CareGiverHomeScreenView.swift; sourceTree = "<group>"; };
		BE7B2C522BF79F52005CFD66 /* PersonalInformationScreenViewModel.swift */ = {isa = PBXFileReference; lastKnownFileType = sourcecode.swift; path = PersonalInformationScreenViewModel.swift; sourceTree = "<group>"; };
		BE7B2C572BF7A41B005CFD66 /* OTPTextFieldView.swift */ = {isa = PBXFileReference; fileEncoding = 4; lastKnownFileType = sourcecode.swift; path = OTPTextFieldView.swift; sourceTree = "<group>"; };
		BE7DDDAD2C181D0300A71632 /* ZoomScreenView.swift */ = {isa = PBXFileReference; lastKnownFileType = sourcecode.swift; path = ZoomScreenView.swift; sourceTree = "<group>"; };
		BE7DDDAF2C18317000A71632 /* LobbyScreenViewModel.swift */ = {isa = PBXFileReference; lastKnownFileType = sourcecode.swift; path = LobbyScreenViewModel.swift; sourceTree = "<group>"; };
		BE92FD172C09A69900EDF49C /* CareSeekerHomeScreenView.swift */ = {isa = PBXFileReference; lastKnownFileType = sourcecode.swift; path = CareSeekerHomeScreenView.swift; sourceTree = "<group>"; };
		BE92FD1A2C09A90000EDF49C /* RecommendedCaregiverView.swift */ = {isa = PBXFileReference; lastKnownFileType = sourcecode.swift; path = RecommendedCaregiverView.swift; sourceTree = "<group>"; };
		BE92FD1D2C09B31500EDF49C /* BookingFormScreenView.swift */ = {isa = PBXFileReference; lastKnownFileType = sourcecode.swift; path = BookingFormScreenView.swift; sourceTree = "<group>"; };
		BE92FD1F2C09E10800EDF49C /* BookingFormScreenModel.swift */ = {isa = PBXFileReference; lastKnownFileType = sourcecode.swift; path = BookingFormScreenModel.swift; sourceTree = "<group>"; };
		BE92FD212C09E19300EDF49C /* BookingFormScreenViewModel.swift */ = {isa = PBXFileReference; lastKnownFileType = sourcecode.swift; path = BookingFormScreenViewModel.swift; sourceTree = "<group>"; };
		BE95D5CD2C044F5400881B3C /* EmergencyContactViewModel.swift */ = {isa = PBXFileReference; lastKnownFileType = sourcecode.swift; path = EmergencyContactViewModel.swift; sourceTree = "<group>"; };
		BE95D5CF2C04553B00881B3C /* HealthInformationSeekerViewModel.swift */ = {isa = PBXFileReference; lastKnownFileType = sourcecode.swift; path = HealthInformationSeekerViewModel.swift; sourceTree = "<group>"; };
		BE95D5D12C04597500881B3C /* PreferenceCareSeekarViewModel.swift */ = {isa = PBXFileReference; lastKnownFileType = sourcecode.swift; path = PreferenceCareSeekarViewModel.swift; sourceTree = "<group>"; };
		BE95D5D42C0497C700881B3C /* SelectProfileImageViewModel.swift */ = {isa = PBXFileReference; lastKnownFileType = sourcecode.swift; path = SelectProfileImageViewModel.swift; sourceTree = "<group>"; };
		BEB68A3A2C00611000DCB9BE /* ExperienceandSkillsViewModel.swift */ = {isa = PBXFileReference; lastKnownFileType = sourcecode.swift; path = ExperienceandSkillsViewModel.swift; sourceTree = "<group>"; };
		BEB68A3C2C0082BB00DCB9BE /* PreferenceViewModel.swift */ = {isa = PBXFileReference; lastKnownFileType = sourcecode.swift; path = PreferenceViewModel.swift; sourceTree = "<group>"; };
		BEC3658A2BFCB600005AC4A0 /* SuccessfulScreeenView.swift */ = {isa = PBXFileReference; lastKnownFileType = sourcecode.swift; path = SuccessfulScreeenView.swift; sourceTree = "<group>"; };
		BEC3658F2BFCC364005AC4A0 /* GIFExtention.swift */ = {isa = PBXFileReference; lastKnownFileType = sourcecode.swift; path = GIFExtention.swift; sourceTree = "<group>"; };
		BEC365912BFCC400005AC4A0 /* Success.gif */ = {isa = PBXFileReference; lastKnownFileType = image.gif; path = Success.gif; sourceTree = "<group>"; };
		BEC8F92C2BFDBD4A00A9CC7F /* Application.swift */ = {isa = PBXFileReference; lastKnownFileType = sourcecode.swift; path = Application.swift; sourceTree = "<group>"; };
		BEC8F92E2BFDC30900A9CC7F /* GoogleService-Info.plist */ = {isa = PBXFileReference; fileEncoding = 4; lastKnownFileType = text.plist.xml; path = "GoogleService-Info.plist"; sourceTree = "<group>"; };
		BEE28ABB2C05A3A200A3CDFF /* LobbyScreenView.swift */ = {isa = PBXFileReference; lastKnownFileType = sourcecode.swift; name = LobbyScreenView.swift; path = "Kryupa/Core/BGV Lobby/LobbyScreenView.swift"; sourceTree = SOURCE_ROOT; };
		BEE28AC02C05FB9D00A3CDFF /* BGVTimeSlotScreenView.swift */ = {isa = PBXFileReference; lastKnownFileType = sourcecode.swift; path = BGVTimeSlotScreenView.swift; sourceTree = "<group>"; };
		BEEA72012BF7366A004E7DED /* PersonalInformationScreenView.swift */ = {isa = PBXFileReference; lastKnownFileType = sourcecode.swift; path = PersonalInformationScreenView.swift; sourceTree = "<group>"; };
		BEEB798A2C05FD32005C12AB /* WeakDayView.swift */ = {isa = PBXFileReference; lastKnownFileType = sourcecode.swift; path = WeakDayView.swift; sourceTree = "<group>"; };
		BEEB798C2C05FDD8005C12AB /* BannerView.swift */ = {isa = PBXFileReference; fileEncoding = 4; lastKnownFileType = sourcecode.swift; path = BannerView.swift; sourceTree = "<group>"; };
		BEEB798E2C060223005C12AB /* AvailableTimeSlotsView.swift */ = {isa = PBXFileReference; lastKnownFileType = sourcecode.swift; path = AvailableTimeSlotsView.swift; sourceTree = "<group>"; };
		BEF2EDB32C257DB60008108C /* DateTimePickerScreenView.swift */ = {isa = PBXFileReference; lastKnownFileType = sourcecode.swift; path = DateTimePickerScreenView.swift; sourceTree = "<group>"; };
		BEF2EDB52C25B4410008108C /* StarsView.swift */ = {isa = PBXFileReference; lastKnownFileType = sourcecode.swift; path = StarsView.swift; sourceTree = "<group>"; };
		BEFB670C2C1708CD003ED6DF /* ChatBoxView.swift */ = {isa = PBXFileReference; fileEncoding = 4; lastKnownFileType = sourcecode.swift; path = ChatBoxView.swift; sourceTree = "<group>"; };
/* End PBXFileReference section */

/* Begin PBXFrameworksBuildPhase section */
		BE644E282BF495D800A6781F /* Frameworks */ = {
			isa = PBXFrameworksBuildPhase;
			buildActionMask = 2147483647;
			files = (
				BE95D5CC2C0449D400881B3C /* IQKeyboardManagerSwift in Frameworks */,
				BE644E8B2BF4D86D00A6781F /* SwiftfulUI in Frameworks */,
				BE09486E2C196E0F00FC2DE0 /* ZoomVideoSDK.xcframework in Frameworks */,
				BEA63BA52BFDC73A00B6A7B0 /* FirebaseAuth in Frameworks */,
				BEA63BAA2BFDC81900B6A7B0 /* GoogleSignInSwift in Frameworks */,
				BE644E492BF4CBC900A6781F /* SwiftfulRouting in Frameworks */,
				BE0948702C196E1000FC2DE0 /* ZoomVideoSDKUIToolkit.xcframework in Frameworks */,
				BE09486C2C196E0D00FC2DE0 /* zoomcml.xcframework in Frameworks */,
				BEA63BA82BFDC81900B6A7B0 /* GoogleSignIn in Frameworks */,
			);
			runOnlyForDeploymentPostprocessing = 0;
		};
/* End PBXFrameworksBuildPhase section */

/* Begin PBXGroup section */
		A36BC37C2C186285005616A5 /* Accounts */ = {
			isa = PBXGroup;
			children = (
				A36BC37F2C1862DA005616A5 /* PaymentHistoryCell.swift */,
				A36BC3832C186961005616A5 /* PaymentMethodCell.swift */,
				A36BC38D2C19976A005616A5 /* ReviewCell.swift */,
				A36BC39A2C1AC7DB005616A5 /* FAQExpandView.swift */,
				A36BC3AE2C1F73A4005616A5 /* ReviewHoursView.swift */,
				A36BC3B02C1F782B005616A5 /* RatingView.swift */,
			);
			path = Accounts;
			sourceTree = "<group>";
		};
		A36BC3AB2C1F660D005616A5 /* Reviews */ = {
			isa = PBXGroup;
			children = (
				A36BC38B2C1996B3005616A5 /* ReviewsListView.swift */,
				A36BC3A62C1B1627005616A5 /* ReviewDetailView.swift */,
				A36BC3AC2C1F6734005616A5 /* GiveReviewView.swift */,
			);
			path = Reviews;
			sourceTree = "<group>";
		};
		A36DE7C02C171063002E0ACD /* Recovered References */ = {
			isa = PBXGroup;
			children = (
			);
			name = "Recovered References";
			sourceTree = "<group>";
		};
		A36DE7C22C171241002E0ACD /* CareGiverHome */ = {
			isa = PBXGroup;
			children = (
				A36DE7C12C171241002E0ACD /* CareGiverPortfolioView.swift */,
			);
			path = CareGiverHome;
			sourceTree = "<group>";
		};
		A36DE7C52C171261002E0ACD /* Chat */ = {
			isa = PBXGroup;
			children = (
				A36DE7C42C171261002E0ACD /* ChatView.swift */,
				BE3C7F232C1C1556000848A6 /* InboxScreenView.swift */,
			);
			path = Chat;
			sourceTree = "<group>";
		};
		A3BB87A92C17186400C604DD /* CareGiverNearByCustomer */ = {
			isa = PBXGroup;
			children = (
				A3BB87A72C17186400C604DD /* CareGiverNearByCustomerScreenView.swift */,
				A3BB87A82C17186400C604DD /* CareGiverNearByCustomerScreenViewModel.swift */,
			);
			name = CareGiverNearByCustomer;
			path = Kryupa/Core/CareSeekerHome/CareGiverNearByCustomer;
			sourceTree = SOURCE_ROOT;
		};
		A3BB87B22C1718CC00C604DD /* RecommendedGiverDetail */ = {
			isa = PBXGroup;
			children = (
				A3BB87B02C1718CC00C604DD /* RecommendedCareGiverDetailScreenView.swift */,
				A3BB87B12C1718CC00C604DD /* RecommendedCareGiverDetailScreenViewModel.swift */,
			);
			path = RecommendedGiverDetail;
			sourceTree = "<group>";
		};
		A3BB87B52C17223C00C604DD /* Accounts */ = {
			isa = PBXGroup;
			children = (
				A36BC3AB2C1F660D005616A5 /* Reviews */,
				A3BB87B62C17225000C604DD /* PersonalDetailView.swift */,
				A3BB87B82C173C1100C604DD /* PersonalDetailViewModel.swift */,
				A36BC3762C18527A005616A5 /* MyServicesView.swift */,
				A36BC3782C185396005616A5 /* MyServiceViewModel.swift */,
				A36BC3872C1879CC005616A5 /* PaymentListView.swift */,
				A36BC3892C187A0B005616A5 /* PaymentListViewModel.swift */,
				A36BC3962C1AC689005616A5 /* FAQView.swift */,
				A36BC39C2C1AE906005616A5 /* SettingsView.swift */,
				A36BC39E2C1AEE92005616A5 /* NotificationAlertView.swift */,
				A36BC3A02C1B0194005616A5 /* DeactivateAccountView.swift */,
				A36BC3A22C1B0828005616A5 /* AboutUsView.swift */,
				A36BC3A82C1B1EA9005616A5 /* AccountView.swift */,
			);
			path = Accounts;
			sourceTree = "<group>";
		};
		A3FEF5FE2C201C2300EFC3C2 /* Jobs */ = {
			isa = PBXGroup;
			children = (
				A3FEF5FF2C201C2D00EFC3C2 /* JobListView.swift */,
				A3FEF6042C202F0D00EFC3C2 /* JobDetailView.swift */,
			);
			path = Jobs;
			sourceTree = "<group>";
		};
		A3FEF6012C201C3200EFC3C2 /* Jobs */ = {
			isa = PBXGroup;
			children = (
				A3FEF6022C201C4100EFC3C2 /* JobCell.swift */,
			);
			path = Jobs;
			sourceTree = "<group>";
		};
		BE0948752C19BE5100FC2DE0 /* ServiceCancelled */ = {
			isa = PBXGroup;
			children = (
				BE0948762C19BE7500FC2DE0 /* ServiceDetailScreenView.swift */,
				BE3C7F212C1AF910000848A6 /* ServiceCancelScreenView.swift */,
			);
			path = ServiceCancelled;
			sourceTree = "<group>";
		};
		BE1191AC2C07068F0076AFB4 /* Refer & Earn */ = {
			isa = PBXGroup;
			children = (
				BE1191AD2C0706B70076AFB4 /* ReferAndEarnScreenView.swift */,
			);
			path = "Refer & Earn";
			sourceTree = "<group>";
		};
		BE1573B82BF631A400A6137D /* LoginFlow */ = {
			isa = PBXGroup;
			children = (
				BE4FBDB82BFB8AAC003442BB /* CameraView.swift */,
			);
			path = LoginFlow;
			sourceTree = "<group>";
		};
		BE1573BB2BF64C6500A6137D /* Utility */ = {
			isa = PBXGroup;
			children = (
				BE1573BC2BF64C8100A6137D /* Extention */,
				BEC8F92C2BFDBD4A00A9CC7F /* Application.swift */,
				BE50EC072BFDD88C00175566 /* Defaults.swift */,
			);
			path = Utility;
			sourceTree = "<group>";
		};
		BE1573BC2BF64C8100A6137D /* Extention */ = {
			isa = PBXGroup;
			children = (
				BE1573BD2BF64C9400A6137D /* StringExtention.swift */,
				BE4FBDA12BFB4521003442BB /* URLExtention.swift */,
				BEC3658F2BFCC364005AC4A0 /* GIFExtention.swift */,
			);
			path = Extention;
			sourceTree = "<group>";
		};
		BE3C7F252C1C1F0D000848A6 /* Booking */ = {
			isa = PBXGroup;
			children = (
				BE3C7F262C1C1F28000848A6 /* BookingScreen */,
			);
			path = Booking;
			sourceTree = "<group>";
		};
		BE3C7F262C1C1F28000848A6 /* BookingScreen */ = {
			isa = PBXGroup;
			children = (
				BE3C7F272C1C1F4C000848A6 /* BookingScreenView.swift */,
				BE1EB9EB2C22D0C7006A8B1F /* BookingViewModel.swift */,
			);
			path = BookingScreen;
			sourceTree = "<group>";
		};
		BE3C7F292C1C2425000848A6 /* Booking */ = {
			isa = PBXGroup;
			children = (
				BE3C7F2A2C1C2438000848A6 /* BookingView.swift */,
			);
			path = Booking;
			sourceTree = "<group>";
		};
		BE3C7F2E2C1C3EAB000848A6 /* UserProfileSection */ = {
			isa = PBXGroup;
			children = (
				BE3C7F2F2C1C3EE7000848A6 /* ProfileDetailScreenView.swift */,
				BE3C7F332C1C4C45000848A6 /* AddNewProfileScreen */,
			);
			path = UserProfileSection;
			sourceTree = "<group>";
		};
		BE3C7F332C1C4C45000848A6 /* AddNewProfileScreen */ = {
			isa = PBXGroup;
			children = (
				BE3C7F312C1C4917000848A6 /* AddNewProfileScreenView.swift */,
				BE3C7F342C1C4C5F000848A6 /* AddNewProfileScreenViewModel.swift */,
			);
			path = AddNewProfileScreen;
			sourceTree = "<group>";
		};
		BE484DCF2C1AE258001E3901 /* Tabbar */ = {
			isa = PBXGroup;
			children = (
				BE484DD02C1AE273001E3901 /* ConsumerTabBarScreenView.swift */,
				BE3C7F2C2C1C2E2D000848A6 /* GiverTabbarScreenView.swift */,
			);
			path = Tabbar;
			sourceTree = "<group>";
		};
		BE4FBD9A2BFB04B9003442BB /* Experience and Skills */ = {
			isa = PBXGroup;
			children = (
				BE4FBD9B2BFB04DE003442BB /* ExperienceandSkillsView.swift */,
				BEB68A3A2C00611000DCB9BE /* ExperienceandSkillsViewModel.swift */,
			);
			path = "Experience and Skills";
			sourceTree = "<group>";
		};
		BE4FBDA32BFB522B003442BB /* Preference */ = {
			isa = PBXGroup;
			children = (
				BE4FBDA42BFB5242003442BB /* PreferenceView.swift */,
				BEB68A3C2C0082BB00DCB9BE /* PreferenceViewModel.swift */,
			);
			path = Preference;
			sourceTree = "<group>";
		};
		BE4FBDA62BFB5EB1003442BB /* Care Seeker Registration */ = {
			isa = PBXGroup;
			children = (
				BE4FBDB22BFB8021003442BB /* Health Information Seeker */,
				BE4FBDAF2BFB7F46003442BB /* Personal Information Seeker */,
				BE4FBDAA2BFB646F003442BB /* PreferenceCareSeekar */,
				BE4FBDA72BFB5EE5003442BB /* Emergency Contact */,
			);
			path = "Care Seeker Registration";
			sourceTree = "<group>";
		};
		BE4FBDA72BFB5EE5003442BB /* Emergency Contact */ = {
			isa = PBXGroup;
			children = (
				BE4FBDA82BFB5EFB003442BB /* EmergencyContactView.swift */,
				BE95D5CD2C044F5400881B3C /* EmergencyContactViewModel.swift */,
			);
			path = "Emergency Contact";
			sourceTree = "<group>";
		};
		BE4FBDAA2BFB646F003442BB /* PreferenceCareSeekar */ = {
			isa = PBXGroup;
			children = (
				BE4FBDAB2BFB6496003442BB /* PreferenceCareSeekarView.swift */,
				BE95D5D12C04597500881B3C /* PreferenceCareSeekarViewModel.swift */,
			);
			path = PreferenceCareSeekar;
			sourceTree = "<group>";
		};
		BE4FBDAF2BFB7F46003442BB /* Personal Information Seeker */ = {
			isa = PBXGroup;
			children = (
				BE4FBDB02BFB7F5F003442BB /* PersonalInformationSeekerView.swift */,
			);
			path = "Personal Information Seeker";
			sourceTree = "<group>";
		};
		BE4FBDB22BFB8021003442BB /* Health Information Seeker */ = {
			isa = PBXGroup;
			children = (
				BE4FBDB32BFB8037003442BB /* HealthInformationSeekerView.swift */,
				BE95D5CF2C04553B00881B3C /* HealthInformationSeekerViewModel.swift */,
			);
			path = "Health Information Seeker";
			sourceTree = "<group>";
		};
		BE4FBDB52BFB838C003442BB /* Gallery Views */ = {
			isa = PBXGroup;
			children = (
				BE95D5D32C0497AF00881B3C /* SelectProfile */,
				BEC3658A2BFCB600005AC4A0 /* SuccessfulScreeenView.swift */,
			);
			path = "Gallery Views";
			sourceTree = "<group>";
		};
		BE50EC042BFDC9E900175566 /* SocialLoginScreenView */ = {
			isa = PBXGroup;
			children = (
				BE1573B22BF5F06E00A6137D /* SocialLoginScreenView.swift */,
				BE50EC052BFDC9FF00175566 /* SocialLoginScreenViewModel.swift */,
			);
			path = SocialLoginScreenView;
			sourceTree = "<group>";
		};
		BE644E222BF495D800A6781F = {
			isa = PBXGroup;
			children = (
				BE644E2D2BF495D800A6781F /* Kryupa */,
				BE644E2C2BF495D800A6781F /* Products */,
				A36DE7C02C171063002E0ACD /* Recovered References */,
				BEB108422C17282300FDC55C /* Frameworks */,
			);
			sourceTree = "<group>";
		};
		BE644E2C2BF495D800A6781F /* Products */ = {
			isa = PBXGroup;
			children = (
				BE644E2B2BF495D800A6781F /* Kryupa.app */,
			);
			name = Products;
			sourceTree = "<group>";
		};
		BE644E2D2BF495D800A6781F /* Kryupa */ = {
			isa = PBXGroup;
			children = (
				BE644E882BF4D4F400A6781F /* Info.plist */,
				BEC8F92E2BFDC30900A9CC7F /* GoogleService-Info.plist */,
				BEC365912BFCC400005AC4A0 /* Success.gif */,
				BE1573BB2BF64C6500A6137D /* Utility */,
				BE644E4D2BF4D2E000A6781F /* Fonts */,
				BE644E3F2BF49C9A00A6781F /* API */,
				BE644E3E2BF49C9600A6781F /* Model */,
				BE644E3D2BF49C8D00A6781F /* Components */,
				BE644E3C2BF49C8100A6781F /* Core */,
				BE644E322BF495D900A6781F /* Assets.xcassets */,
				BE644E342BF495D900A6781F /* Preview Content */,
			);
			path = Kryupa;
			sourceTree = "<group>";
		};
		BE644E342BF495D900A6781F /* Preview Content */ = {
			isa = PBXGroup;
			children = (
				BE644E352BF495D900A6781F /* Preview Assets.xcassets */,
			);
			path = "Preview Content";
			sourceTree = "<group>";
		};
		BE644E3C2BF49C8100A6781F /* Core */ = {
			isa = PBXGroup;
			children = (
				A3FEF5FE2C201C2300EFC3C2 /* Jobs */,
				BE484DCF2C1AE258001E3901 /* Tabbar */,
				BE0948752C19BE5100FC2DE0 /* ServiceCancelled */,
				A3BB87B52C17223C00C604DD /* Accounts */,
				A36DE7C52C171261002E0ACD /* Chat */,
				BE644E2E2BF495D800A6781F /* KryupaApp.swift */,
				BE644E302BF495D800A6781F /* SplashView.swift */,
				BE3C7F2E2C1C3EAB000848A6 /* UserProfileSection */,
				BE3C7F252C1C1F0D000848A6 /* Booking */,
				BE7DDDAC2C181CE800A71632 /* ZoomScreenView */,
				BE92FD152C09A61400EDF49C /* CareSeekerHome */,
				BE6BA47C2C08A228005361C3 /* CareGiverHome */,
				BEE28AB92C05A35E00A3CDFF /* BGV Lobby */,
				BE4FBDB52BFB838C003442BB /* Gallery Views */,
				BE4FBDA62BFB5EB1003442BB /* Care Seeker Registration */,
				BEEA72002BF73647004E7DED /* Care Giver Registration */,
				BE644E4A2BF4CF1700A6781F /* IntroductionFlow */,
				BE644E462BF4CB4000A6781F /* Login&SignupFlow */,
			);
			path = Core;
			sourceTree = "<group>";
		};
		BE644E3D2BF49C8D00A6781F /* Components */ = {
			isa = PBXGroup;
			children = (
				A3FEF6012C201C3200EFC3C2 /* Jobs */,
				A36BC37C2C186285005616A5 /* Accounts */,
				A36DE7C22C171241002E0ACD /* CareGiverHome */,
				BEFB670B2C1708AC003ED6DF /* ChatComponent */,
				BE92FD192C09A8E900EDF49C /* CareSeekerHome */,
				BEE28AC32C05FC5500A3CDFF /* Lobby */,
				BEE28AC22C05FC3400A3CDFF /* On-Boarding */,
				BE1573B82BF631A400A6137D /* LoginFlow */,
				A36BC3A42C1B0864005616A5 /* HeaderView.swift */,
				BEF2EDB32C257DB60008108C /* DateTimePickerScreenView.swift */,
				BEF2EDB52C25B4410008108C /* StarsView.swift */,
				BE3C7F292C1C2425000848A6 /* Booking */,
			);
			path = Components;
			sourceTree = "<group>";
		};
		BE644E3E2BF49C9600A6781F /* Model */ = {
			isa = PBXGroup;
			children = (
				A3BB879E2C1717B500C604DD /* BookingRecommendationModel.swift */,
				A3BB879C2C1717B500C604DD /* CareGiverDetailModel.swift */,
				A3BB879D2C1717B500C604DD /* CareGiverNearByCustomerScreenModel.swift */,
				A3BB879B2C1717B500C604DD /* CreateBookingModel.swift */,
				BE644E442BF4BC8700A6781F /* GoogleSignupModel.swift */,
				BE2DE0CB2BFF6BFF00B14C13 /* RegistrationDataModel.swift */,
				BE6BA4782C086DEF005361C3 /* BGVInterviewSlotsListModel.swift */,
				BE92FD1F2C09E10800EDF49C /* BookingFormScreenModel.swift */,
				A36BC3912C19A6B2005616A5 /* JobsModel.swift */,
			);
			path = Model;
			sourceTree = "<group>";
		};
		BE644E3F2BF49C9A00A6781F /* API */ = {
			isa = PBXGroup;
			children = (
				BE644E402BF49CEA00A6781F /* APIConstant.swift */,
				BE644E422BF4BB7C00A6781F /* NetworkManager.swift */,
				BE50EC092BFDDE5600175566 /* APIClient.swift */,
			);
			path = API;
			sourceTree = "<group>";
		};
		BE644E462BF4CB4000A6781F /* Login&SignupFlow */ = {
			isa = PBXGroup;
			children = (
				BE1573B42BF6115600A6137D /* MobileNumberScreenView.swift */,
				BE1573B62BF62D7A00A6137D /* OTPVerificationScreenView.swift */,
			);
			path = "Login&SignupFlow";
			sourceTree = "<group>";
		};
		BE644E4A2BF4CF1700A6781F /* IntroductionFlow */ = {
			isa = PBXGroup;
			children = (
				BE644E4B2BF4CFAE00A6781F /* IntroductionScreenView.swift */,
				BE1573B02BF5D1CD00A6137D /* UserSelectionScreenView.swift */,
				BE50EC042BFDC9E900175566 /* SocialLoginScreenView */,
			);
			path = IntroductionFlow;
			sourceTree = "<group>";
		};
		BE644E4D2BF4D2E000A6781F /* Fonts */ = {
			isa = PBXGroup;
			children = (
				BE644E962BF50F0D00A6781F /* Besley Fonts */,
				BE644E4E2BF4D2FE00A6781F /* Plus Jakarta Sans Fonts */,
			);
			path = Fonts;
			sourceTree = "<group>";
		};
		BE644E4E2BF4D2FE00A6781F /* Plus Jakarta Sans Fonts */ = {
			isa = PBXGroup;
			children = (
				BE644E8E2BF50ED300A6781F /* PlusJakartaDisplay-Bold.otf */,
				BE644E912BF50ED300A6781F /* PlusJakartaDisplay-Light.otf */,
				BE644E8F2BF50ED300A6781F /* PlusJakartaDisplay-Medium.otf */,
				BE644E902BF50ED300A6781F /* PlusJakartaDisplay-Regular.otf */,
			);
			path = "Plus Jakarta Sans Fonts";
			sourceTree = "<group>";
		};
		BE644E962BF50F0D00A6781F /* Besley Fonts */ = {
			isa = PBXGroup;
			children = (
				BE644E972BF50F4500A6781F /* Besley-Bold.ttf */,
				BE644E992BF50F4500A6781F /* Besley-Italic.ttf */,
				BE644E982BF50F4500A6781F /* Besley-Medium.ttf */,
				BE644E9B2BF50F4500A6781F /* Besley-Regular.ttf */,
				BE644E9A2BF50F4500A6781F /* Besley-SemiBold.ttf */,
			);
			path = "Besley Fonts";
			sourceTree = "<group>";
		};
		BE6BA47C2C08A228005361C3 /* CareGiverHome */ = {
			isa = PBXGroup;
			children = (
				A36BC38F2C19A508005616A5 /* CareGiverHomeScreenViewModel.swift */,
				BE6BA47D2C08A245005361C3 /* CareGiverHomeScreenView.swift */,
			);
			path = CareGiverHome;
			sourceTree = "<group>";
		};
		BE7B2C512BF79F03005CFD66 /* Personal Information Screen View */ = {
			isa = PBXGroup;
			children = (
				BEEA72012BF7366A004E7DED /* PersonalInformationScreenView.swift */,
				BE7B2C522BF79F52005CFD66 /* PersonalInformationScreenViewModel.swift */,
			);
			path = "Personal Information Screen View";
			sourceTree = "<group>";
		};
		BE7DDDAC2C181CE800A71632 /* ZoomScreenView */ = {
			isa = PBXGroup;
			children = (
				BE7DDDAD2C181D0300A71632 /* ZoomScreenView.swift */,
			);
			path = ZoomScreenView;
			sourceTree = "<group>";
		};
		BE92FD152C09A61400EDF49C /* CareSeekerHome */ = {
			isa = PBXGroup;
			children = (
				A3BB87B22C1718CC00C604DD /* RecommendedGiverDetail */,
				A3BB87A92C17186400C604DD /* CareGiverNearByCustomer */,
				BE92FD1C2C09B2FD00EDF49C /* BookingFormScreen */,
				BE92FD162C09A67B00EDF49C /* CareSeekerHomeView */,
			);
			path = CareSeekerHome;
			sourceTree = "<group>";
		};
		BE92FD162C09A67B00EDF49C /* CareSeekerHomeView */ = {
			isa = PBXGroup;
			children = (
				A3BB87A32C1717ED00C604DD /* CareSeekerHomeScreenViewModel.swift */,
				BE92FD172C09A69900EDF49C /* CareSeekerHomeScreenView.swift */,
			);
			path = CareSeekerHomeView;
			sourceTree = "<group>";
		};
		BE92FD192C09A8E900EDF49C /* CareSeekerHome */ = {
			isa = PBXGroup;
			children = (
				A3BB87AD2C1718A500C604DD /* BookingCareGiverListView.swift */,
				A3BB87AC2C1718A500C604DD /* ReviewListView.swift */,
				BE92FD1A2C09A90000EDF49C /* RecommendedCaregiverView.swift */,
				BE0948732C199B2300FC2DE0 /* AppointmentsView.swift */,
			);
			path = CareSeekerHome;
			sourceTree = "<group>";
		};
		BE92FD1C2C09B2FD00EDF49C /* BookingFormScreen */ = {
			isa = PBXGroup;
			children = (
				BE92FD1D2C09B31500EDF49C /* BookingFormScreenView.swift */,
				BE92FD212C09E19300EDF49C /* BookingFormScreenViewModel.swift */,
			);
			path = BookingFormScreen;
			sourceTree = "<group>";
		};
		BE95D5D32C0497AF00881B3C /* SelectProfile */ = {
			isa = PBXGroup;
			children = (
				BE4FBDB62BFB8406003442BB /* SelectProfileImageView.swift */,
				BE95D5D42C0497C700881B3C /* SelectProfileImageViewModel.swift */,
			);
			path = SelectProfile;
			sourceTree = "<group>";
		};
		BEB108422C17282300FDC55C /* Frameworks */ = {
			isa = PBXGroup;
			children = (
				A36BC3702C185163005616A5 /* zoomcml.xcframework */,
				A36BC3712C185163005616A5 /* ZoomVideoSDK.xcframework */,
				A36BC3722C185163005616A5 /* ZoomVideoSDKUIToolkit.xcframework */,
			);
			name = Frameworks;
			sourceTree = "<group>";
		};
		BEE28AB92C05A35E00A3CDFF /* BGV Lobby */ = {
			isa = PBXGroup;
			children = (
				BE1191AC2C07068F0076AFB4 /* Refer & Earn */,
				BEE28ABF2C05FB7900A3CDFF /* BGVTimeSlotView */,
				BEE28ABA2C05A37D00A3CDFF /* Lobby */,
				BE1191AF2C074BDB0076AFB4 /* InterviewScheduledScreenView.swift */,
			);
			path = "BGV Lobby";
			sourceTree = "<group>";
		};
		BEE28ABA2C05A37D00A3CDFF /* Lobby */ = {
			isa = PBXGroup;
			children = (
				BEE28ABB2C05A3A200A3CDFF /* LobbyScreenView.swift */,
				BE7DDDAF2C18317000A71632 /* LobbyScreenViewModel.swift */,
			);
			name = Lobby;
			path = "../New Group/New Group";
			sourceTree = "<group>";
		};
		BEE28ABF2C05FB7900A3CDFF /* BGVTimeSlotView */ = {
			isa = PBXGroup;
			children = (
				BEE28AC02C05FB9D00A3CDFF /* BGVTimeSlotScreenView.swift */,
				BE6BA47A2C086E7C005361C3 /* BGVTimeSlotScreenViewModel.swift */,
			);
			path = BGVTimeSlotView;
			sourceTree = "<group>";
		};
		BEE28AC22C05FC3400A3CDFF /* On-Boarding */ = {
			isa = PBXGroup;
			children = (
				A3BB87A52C17180900C604DD /* DropDownWithCheckBoxView.swift */,
				BE4FBDBA2BFB96CD003442BB /* DropDownView.swift */,
				BE7B2C572BF7A41B005CFD66 /* OTPTextFieldView.swift */,
				BE4FBD9D2BFB0FD7003442BB /* PillView.swift */,
				BE4FBD9F2BFB1E76003442BB /* CheckBoxView.swift */,
				BE4FBDAD2BFB6BE4003442BB /* CircleCheckBoxView.swift */,
			);
			path = "On-Boarding";
			sourceTree = "<group>";
		};
		BEE28AC32C05FC5500A3CDFF /* Lobby */ = {
			isa = PBXGroup;
			children = (
				BEEB798C2C05FDD8005C12AB /* BannerView.swift */,
				BEEB798A2C05FD32005C12AB /* WeakDayView.swift */,
				BEEB798E2C060223005C12AB /* AvailableTimeSlotsView.swift */,
			);
			path = Lobby;
			sourceTree = "<group>";
		};
		BEEA72002BF73647004E7DED /* Care Giver Registration */ = {
			isa = PBXGroup;
			children = (
				BE4FBDA32BFB522B003442BB /* Preference */,
				BE4FBD9A2BFB04B9003442BB /* Experience and Skills */,
				BE7B2C512BF79F03005CFD66 /* Personal Information Screen View */,
			);
			path = "Care Giver Registration";
			sourceTree = "<group>";
		};
		BEFB670B2C1708AC003ED6DF /* ChatComponent */ = {
			isa = PBXGroup;
			children = (
				BEFB670C2C1708CD003ED6DF /* ChatBoxView.swift */,
			);
			path = ChatComponent;
			sourceTree = "<group>";
		};
/* End PBXGroup section */

/* Begin PBXNativeTarget section */
		BE644E2A2BF495D800A6781F /* Kryupa */ = {
			isa = PBXNativeTarget;
			buildConfigurationList = BE644E392BF495D900A6781F /* Build configuration list for PBXNativeTarget "Kryupa" */;
			buildPhases = (
				BE644E272BF495D800A6781F /* Sources */,
				BE644E282BF495D800A6781F /* Frameworks */,
				BE644E292BF495D800A6781F /* Resources */,
				BEB1084C2C17282300FDC55C /* Embed Frameworks */,
			);
			buildRules = (
			);
			dependencies = (
			);
			name = Kryupa;
			packageProductDependencies = (
				BE644E482BF4CBC900A6781F /* SwiftfulRouting */,
				BE644E8A2BF4D86D00A6781F /* SwiftfulUI */,
				BEA63BA42BFDC73A00B6A7B0 /* FirebaseAuth */,
				BEA63BA72BFDC81900B6A7B0 /* GoogleSignIn */,
				BEA63BA92BFDC81900B6A7B0 /* GoogleSignInSwift */,
				BE95D5CB2C0449D400881B3C /* IQKeyboardManagerSwift */,
			);
			productName = Kryupa;
			productReference = BE644E2B2BF495D800A6781F /* Kryupa.app */;
			productType = "com.apple.product-type.application";
		};
/* End PBXNativeTarget section */

/* Begin PBXProject section */
		BE644E232BF495D800A6781F /* Project object */ = {
			isa = PBXProject;
			attributes = {
				BuildIndependentTargetsInParallel = 1;
				LastSwiftUpdateCheck = 1520;
				LastUpgradeCheck = 1520;
				TargetAttributes = {
					BE644E2A2BF495D800A6781F = {
						CreatedOnToolsVersion = 15.2;
					};
				};
			};
			buildConfigurationList = BE644E262BF495D800A6781F /* Build configuration list for PBXProject "Kryupa" */;
			compatibilityVersion = "Xcode 14.0";
			developmentRegion = en;
			hasScannedForEncodings = 0;
			knownRegions = (
				en,
				Base,
			);
			mainGroup = BE644E222BF495D800A6781F;
			packageReferences = (
				BE644E472BF4CBC900A6781F /* XCRemoteSwiftPackageReference "SwiftfulRouting" */,
				BE644E892BF4D86D00A6781F /* XCRemoteSwiftPackageReference "SwiftfulUI" */,
				BEFC22F32BFDC57900B802A8 /* XCRemoteSwiftPackageReference "firebase-ios-sdk" */,
				BEA63BA62BFDC81900B6A7B0 /* XCRemoteSwiftPackageReference "GoogleSignIn-iOS" */,
				BE95D5CA2C0449D400881B3C /* XCRemoteSwiftPackageReference "IQKeyboardManager" */,
			);
			productRefGroup = BE644E2C2BF495D800A6781F /* Products */;
			projectDirPath = "";
			projectRoot = "";
			targets = (
				BE644E2A2BF495D800A6781F /* Kryupa */,
			);
		};
/* End PBXProject section */

/* Begin PBXResourcesBuildPhase section */
		BE644E292BF495D800A6781F /* Resources */ = {
			isa = PBXResourcesBuildPhase;
			buildActionMask = 2147483647;
			files = (
				BE644E922BF50ED300A6781F /* PlusJakartaDisplay-Bold.otf in Resources */,
				BE644E9F2BF50F4500A6781F /* Besley-SemiBold.ttf in Resources */,
				BE644E932BF50ED300A6781F /* PlusJakartaDisplay-Medium.otf in Resources */,
				BE644E9C2BF50F4500A6781F /* Besley-Bold.ttf in Resources */,
				BE644EA02BF50F4500A6781F /* Besley-Regular.ttf in Resources */,
				BE644E362BF495D900A6781F /* Preview Assets.xcassets in Resources */,
				BE644E9E2BF50F4500A6781F /* Besley-Italic.ttf in Resources */,
				BE644E332BF495D900A6781F /* Assets.xcassets in Resources */,
				BE644E942BF50ED300A6781F /* PlusJakartaDisplay-Regular.otf in Resources */,
				BEC365922BFCC400005AC4A0 /* Success.gif in Resources */,
				BE644E952BF50ED300A6781F /* PlusJakartaDisplay-Light.otf in Resources */,
				BE644E9D2BF50F4500A6781F /* Besley-Medium.ttf in Resources */,
				BEC8F92F2BFDC30900A9CC7F /* GoogleService-Info.plist in Resources */,
			);
			runOnlyForDeploymentPostprocessing = 0;
		};
/* End PBXResourcesBuildPhase section */

/* Begin PBXSourcesBuildPhase section */
		BE644E272BF495D800A6781F /* Sources */ = {
			isa = PBXSourcesBuildPhase;
			buildActionMask = 2147483647;
			files = (
				BEC8F92D2BFDBD4A00A9CC7F /* Application.swift in Sources */,
				BE50EC082BFDD88C00175566 /* Defaults.swift in Sources */,
				BE3C7F2B2C1C2438000848A6 /* BookingView.swift in Sources */,
				A36BC38C2C1996B3005616A5 /* ReviewsListView.swift in Sources */,
				BE4FBDA22BFB4521003442BB /* URLExtention.swift in Sources */,
				A3BB87B92C173C1100C604DD /* PersonalDetailViewModel.swift in Sources */,
				A36BC39D2C1AE906005616A5 /* SettingsView.swift in Sources */,
				BE7B2C582BF7A41B005CFD66 /* OTPTextFieldView.swift in Sources */,
				BEFB670D2C1708CD003ED6DF /* ChatBoxView.swift in Sources */,
				BEEA72022BF7366A004E7DED /* PersonalInformationScreenView.swift in Sources */,
				BEEB798D2C05FDD8005C12AB /* BannerView.swift in Sources */,
				A36BC3842C186961005616A5 /* PaymentMethodCell.swift in Sources */,
				BE3C7F242C1C1556000848A6 /* InboxScreenView.swift in Sources */,
				A3BB87AE2C1718A500C604DD /* ReviewListView.swift in Sources */,
				A36BC3AF2C1F73A4005616A5 /* ReviewHoursView.swift in Sources */,
				A3FEF6052C202F0D00EFC3C2 /* JobDetailView.swift in Sources */,
				BE1EB9EC2C22D0C7006A8B1F /* BookingViewModel.swift in Sources */,
				BE50EC0A2BFDDE5600175566 /* APIClient.swift in Sources */,
				BE3C7F302C1C3EE7000848A6 /* ProfileDetailScreenView.swift in Sources */,
				A3FEF6032C201C4100EFC3C2 /* JobCell.swift in Sources */,
				BE3C7F322C1C4917000848A6 /* AddNewProfileScreenView.swift in Sources */,
				A3BB87AA2C17186400C604DD /* CareGiverNearByCustomerScreenView.swift in Sources */,
				BE92FD1B2C09A90000EDF49C /* RecommendedCaregiverView.swift in Sources */,
				BE4FBDB72BFB8406003442BB /* SelectProfileImageView.swift in Sources */,
				BE6BA47E2C08A245005361C3 /* CareGiverHomeScreenView.swift in Sources */,
				BE50EC062BFDC9FF00175566 /* SocialLoginScreenViewModel.swift in Sources */,
				A3BB87B42C1718CC00C604DD /* RecommendedCareGiverDetailScreenViewModel.swift in Sources */,
				A3FEF6002C201C2D00EFC3C2 /* JobListView.swift in Sources */,
				BE3C7F352C1C4C5F000848A6 /* AddNewProfileScreenViewModel.swift in Sources */,
				BE4FBDAE2BFB6BE4003442BB /* CircleCheckBoxView.swift in Sources */,
				BE4FBDBB2BFB96CD003442BB /* DropDownView.swift in Sources */,
				BEF2EDB42C257DB60008108C /* DateTimePickerScreenView.swift in Sources */,
				BE92FD1E2C09B31500EDF49C /* BookingFormScreenView.swift in Sources */,
				BE4FBDA52BFB5242003442BB /* PreferenceView.swift in Sources */,
				BEB68A3B2C00611000DCB9BE /* ExperienceandSkillsViewModel.swift in Sources */,
				A36DE7C32C171241002E0ACD /* CareGiverPortfolioView.swift in Sources */,
				BE3C7F222C1AF910000848A6 /* ServiceCancelScreenView.swift in Sources */,
				A3BB87B72C17225000C604DD /* PersonalDetailView.swift in Sources */,
				BE644E312BF495D800A6781F /* SplashView.swift in Sources */,
				BE92FD222C09E19300EDF49C /* BookingFormScreenViewModel.swift in Sources */,
				BE1573BE2BF64C9400A6137D /* StringExtention.swift in Sources */,
				A3BB87A02C1717B500C604DD /* CareGiverDetailModel.swift in Sources */,
				A36BC3922C19A6B2005616A5 /* JobsModel.swift in Sources */,
				BEE28ABC2C05A3A200A3CDFF /* LobbyScreenView.swift in Sources */,
				A36BC3A72C1B1627005616A5 /* ReviewDetailView.swift in Sources */,
				BE92FD202C09E10800EDF49C /* BookingFormScreenModel.swift in Sources */,
				BE0948742C199B2300FC2DE0 /* AppointmentsView.swift in Sources */,
				BE4FBDA02BFB1E76003442BB /* CheckBoxView.swift in Sources */,
				A3BB879F2C1717B500C604DD /* CreateBookingModel.swift in Sources */,
				BEEB798F2C060223005C12AB /* AvailableTimeSlotsView.swift in Sources */,
				BE644E2F2BF495D800A6781F /* KryupaApp.swift in Sources */,
				A36BC3902C19A508005616A5 /* CareGiverHomeScreenViewModel.swift in Sources */,
				BE4FBD9E2BFB0FD7003442BB /* PillView.swift in Sources */,
				BE3C7F282C1C1F4C000848A6 /* BookingScreenView.swift in Sources */,
				BE4FBDB12BFB7F5F003442BB /* PersonalInformationSeekerView.swift in Sources */,
				A36BC3B12C1F782B005616A5 /* RatingView.swift in Sources */,
				A3BB87A22C1717B500C604DD /* BookingRecommendationModel.swift in Sources */,
				BE4FBDAC2BFB6496003442BB /* PreferenceCareSeekarView.swift in Sources */,
				BE644E412BF49CEA00A6781F /* APIConstant.swift in Sources */,
				A36BC38A2C187A0B005616A5 /* PaymentListViewModel.swift in Sources */,
				A36BC39B2C1AC7DB005616A5 /* FAQExpandView.swift in Sources */,
				BE95D5D52C0497C700881B3C /* SelectProfileImageViewModel.swift in Sources */,
				BE1573B12BF5D1CD00A6137D /* UserSelectionScreenView.swift in Sources */,
				A36BC3A12C1B0194005616A5 /* DeactivateAccountView.swift in Sources */,
				BE4FBDB92BFB8AAC003442BB /* CameraView.swift in Sources */,
				A3BB87B32C1718CC00C604DD /* RecommendedCareGiverDetailScreenView.swift in Sources */,
				A3BB87A62C17180900C604DD /* DropDownWithCheckBoxView.swift in Sources */,
				A3BB87AB2C17186400C604DD /* CareGiverNearByCustomerScreenViewModel.swift in Sources */,
				A36BC3882C1879CC005616A5 /* PaymentListView.swift in Sources */,
				BEEB798B2C05FD32005C12AB /* WeakDayView.swift in Sources */,
				BE4FBDB42BFB8037003442BB /* HealthInformationSeekerView.swift in Sources */,
				BEB68A3D2C0082BB00DCB9BE /* PreferenceViewModel.swift in Sources */,
				BE1573B52BF6115600A6137D /* MobileNumberScreenView.swift in Sources */,
				A36BC3AD2C1F6734005616A5 /* GiveReviewView.swift in Sources */,
				BE6BA47B2C086E7C005361C3 /* BGVTimeSlotScreenViewModel.swift in Sources */,
				A3BB87A42C1717ED00C604DD /* CareSeekerHomeScreenViewModel.swift in Sources */,
				A36BC3792C185396005616A5 /* MyServiceViewModel.swift in Sources */,
				A36BC38E2C19976A005616A5 /* ReviewCell.swift in Sources */,
				BE644E432BF4BB7C00A6781F /* NetworkManager.swift in Sources */,
				BE1573B32BF5F06E00A6137D /* SocialLoginScreenView.swift in Sources */,
				BE4FBD9C2BFB04DE003442BB /* ExperienceandSkillsView.swift in Sources */,
				A3BB87AF2C1718A500C604DD /* BookingCareGiverListView.swift in Sources */,
				BE3C7F2D2C1C2E2D000848A6 /* GiverTabbarScreenView.swift in Sources */,
				BE4FBDA92BFB5EFB003442BB /* EmergencyContactView.swift in Sources */,
				BE6BA4792C086DEF005361C3 /* BGVInterviewSlotsListModel.swift in Sources */,
				BE7B2C532BF79F53005CFD66 /* PersonalInformationScreenViewModel.swift in Sources */,
				A36BC3A92C1B1EA9005616A5 /* AccountView.swift in Sources */,
				A36BC3A52C1B0864005616A5 /* HeaderView.swift in Sources */,
				BEC365902BFCC364005AC4A0 /* GIFExtention.swift in Sources */,
				A36BC3802C1862DA005616A5 /* PaymentHistoryCell.swift in Sources */,
				A36BC3972C1AC689005616A5 /* FAQView.swift in Sources */,
				BE1191B02C074BDB0076AFB4 /* InterviewScheduledScreenView.swift in Sources */,
				A36BC3772C18527A005616A5 /* MyServicesView.swift in Sources */,
				BE7DDDB02C18317000A71632 /* LobbyScreenViewModel.swift in Sources */,
				BE95D5CE2C044F5400881B3C /* EmergencyContactViewModel.swift in Sources */,
				BE95D5D02C04553B00881B3C /* HealthInformationSeekerViewModel.swift in Sources */,
				BE0948772C19BE7500FC2DE0 /* ServiceDetailScreenView.swift in Sources */,
				A36BC3A32C1B0828005616A5 /* AboutUsView.swift in Sources */,
				BE1573B72BF62D7A00A6137D /* OTPVerificationScreenView.swift in Sources */,
				BEF2EDB62C25B4410008108C /* StarsView.swift in Sources */,
				BE1191AE2C0706B70076AFB4 /* ReferAndEarnScreenView.swift in Sources */,
				A36DE7C62C171261002E0ACD /* ChatView.swift in Sources */,
				BE7DDDAE2C181D0300A71632 /* ZoomScreenView.swift in Sources */,
				BEE28AC12C05FB9D00A3CDFF /* BGVTimeSlotScreenView.swift in Sources */,
				BE644E4C2BF4CFAE00A6781F /* IntroductionScreenView.swift in Sources */,
				BEC3658B2BFCB600005AC4A0 /* SuccessfulScreeenView.swift in Sources */,
				A36BC39F2C1AEE92005616A5 /* NotificationAlertView.swift in Sources */,
				A3BB87A12C1717B500C604DD /* CareGiverNearByCustomerScreenModel.swift in Sources */,
				BE484DD12C1AE273001E3901 /* ConsumerTabBarScreenView.swift in Sources */,
				BE2DE0CC2BFF6BFF00B14C13 /* RegistrationDataModel.swift in Sources */,
				BE644E452BF4BC8700A6781F /* GoogleSignupModel.swift in Sources */,
				BE95D5D22C04597500881B3C /* PreferenceCareSeekarViewModel.swift in Sources */,
				BE92FD182C09A69900EDF49C /* CareSeekerHomeScreenView.swift in Sources */,
			);
			runOnlyForDeploymentPostprocessing = 0;
		};
/* End PBXSourcesBuildPhase section */

/* Begin XCBuildConfiguration section */
		BE644E372BF495D900A6781F /* Debug */ = {
			isa = XCBuildConfiguration;
			buildSettings = {
				ALWAYS_SEARCH_USER_PATHS = NO;
				ASSETCATALOG_COMPILER_GENERATE_SWIFT_ASSET_SYMBOL_EXTENSIONS = YES;
				CLANG_ANALYZER_NONNULL = YES;
				CLANG_ANALYZER_NUMBER_OBJECT_CONVERSION = YES_AGGRESSIVE;
				CLANG_CXX_LANGUAGE_STANDARD = "gnu++20";
				CLANG_ENABLE_MODULES = YES;
				CLANG_ENABLE_OBJC_ARC = YES;
				CLANG_ENABLE_OBJC_WEAK = YES;
				CLANG_WARN_BLOCK_CAPTURE_AUTORELEASING = YES;
				CLANG_WARN_BOOL_CONVERSION = YES;
				CLANG_WARN_COMMA = YES;
				CLANG_WARN_CONSTANT_CONVERSION = YES;
				CLANG_WARN_DEPRECATED_OBJC_IMPLEMENTATIONS = YES;
				CLANG_WARN_DIRECT_OBJC_ISA_USAGE = YES_ERROR;
				CLANG_WARN_DOCUMENTATION_COMMENTS = YES;
				CLANG_WARN_EMPTY_BODY = YES;
				CLANG_WARN_ENUM_CONVERSION = YES;
				CLANG_WARN_INFINITE_RECURSION = YES;
				CLANG_WARN_INT_CONVERSION = YES;
				CLANG_WARN_NON_LITERAL_NULL_CONVERSION = YES;
				CLANG_WARN_OBJC_IMPLICIT_RETAIN_SELF = YES;
				CLANG_WARN_OBJC_LITERAL_CONVERSION = YES;
				CLANG_WARN_OBJC_ROOT_CLASS = YES_ERROR;
				CLANG_WARN_QUOTED_INCLUDE_IN_FRAMEWORK_HEADER = YES;
				CLANG_WARN_RANGE_LOOP_ANALYSIS = YES;
				CLANG_WARN_STRICT_PROTOTYPES = YES;
				CLANG_WARN_SUSPICIOUS_MOVE = YES;
				CLANG_WARN_UNGUARDED_AVAILABILITY = YES_AGGRESSIVE;
				CLANG_WARN_UNREACHABLE_CODE = YES;
				CLANG_WARN__DUPLICATE_METHOD_MATCH = YES;
				COPY_PHASE_STRIP = NO;
				DEBUG_INFORMATION_FORMAT = dwarf;
				ENABLE_STRICT_OBJC_MSGSEND = YES;
				ENABLE_TESTABILITY = YES;
				ENABLE_USER_SCRIPT_SANDBOXING = YES;
				GCC_C_LANGUAGE_STANDARD = gnu17;
				GCC_DYNAMIC_NO_PIC = NO;
				GCC_NO_COMMON_BLOCKS = YES;
				GCC_OPTIMIZATION_LEVEL = 0;
				GCC_PREPROCESSOR_DEFINITIONS = (
					"DEBUG=1",
					"$(inherited)",
				);
				GCC_WARN_64_TO_32_BIT_CONVERSION = YES;
				GCC_WARN_ABOUT_RETURN_TYPE = YES_ERROR;
				GCC_WARN_UNDECLARED_SELECTOR = YES;
				GCC_WARN_UNINITIALIZED_AUTOS = YES_AGGRESSIVE;
				GCC_WARN_UNUSED_FUNCTION = YES;
				GCC_WARN_UNUSED_VARIABLE = YES;
				IPHONEOS_DEPLOYMENT_TARGET = 17.2;
				LOCALIZATION_PREFERS_STRING_CATALOGS = YES;
				MTL_ENABLE_DEBUG_INFO = INCLUDE_SOURCE;
				MTL_FAST_MATH = YES;
				ONLY_ACTIVE_ARCH = YES;
				SDKROOT = iphoneos;
				SWIFT_ACTIVE_COMPILATION_CONDITIONS = "DEBUG $(inherited)";
				SWIFT_OPTIMIZATION_LEVEL = "-Onone";
			};
			name = Debug;
		};
		BE644E382BF495D900A6781F /* Release */ = {
			isa = XCBuildConfiguration;
			buildSettings = {
				ALWAYS_SEARCH_USER_PATHS = NO;
				ASSETCATALOG_COMPILER_GENERATE_SWIFT_ASSET_SYMBOL_EXTENSIONS = YES;
				CLANG_ANALYZER_NONNULL = YES;
				CLANG_ANALYZER_NUMBER_OBJECT_CONVERSION = YES_AGGRESSIVE;
				CLANG_CXX_LANGUAGE_STANDARD = "gnu++20";
				CLANG_ENABLE_MODULES = YES;
				CLANG_ENABLE_OBJC_ARC = YES;
				CLANG_ENABLE_OBJC_WEAK = YES;
				CLANG_WARN_BLOCK_CAPTURE_AUTORELEASING = YES;
				CLANG_WARN_BOOL_CONVERSION = YES;
				CLANG_WARN_COMMA = YES;
				CLANG_WARN_CONSTANT_CONVERSION = YES;
				CLANG_WARN_DEPRECATED_OBJC_IMPLEMENTATIONS = YES;
				CLANG_WARN_DIRECT_OBJC_ISA_USAGE = YES_ERROR;
				CLANG_WARN_DOCUMENTATION_COMMENTS = YES;
				CLANG_WARN_EMPTY_BODY = YES;
				CLANG_WARN_ENUM_CONVERSION = YES;
				CLANG_WARN_INFINITE_RECURSION = YES;
				CLANG_WARN_INT_CONVERSION = YES;
				CLANG_WARN_NON_LITERAL_NULL_CONVERSION = YES;
				CLANG_WARN_OBJC_IMPLICIT_RETAIN_SELF = YES;
				CLANG_WARN_OBJC_LITERAL_CONVERSION = YES;
				CLANG_WARN_OBJC_ROOT_CLASS = YES_ERROR;
				CLANG_WARN_QUOTED_INCLUDE_IN_FRAMEWORK_HEADER = YES;
				CLANG_WARN_RANGE_LOOP_ANALYSIS = YES;
				CLANG_WARN_STRICT_PROTOTYPES = YES;
				CLANG_WARN_SUSPICIOUS_MOVE = YES;
				CLANG_WARN_UNGUARDED_AVAILABILITY = YES_AGGRESSIVE;
				CLANG_WARN_UNREACHABLE_CODE = YES;
				CLANG_WARN__DUPLICATE_METHOD_MATCH = YES;
				COPY_PHASE_STRIP = NO;
				DEBUG_INFORMATION_FORMAT = "dwarf-with-dsym";
				ENABLE_NS_ASSERTIONS = NO;
				ENABLE_STRICT_OBJC_MSGSEND = YES;
				ENABLE_USER_SCRIPT_SANDBOXING = YES;
				GCC_C_LANGUAGE_STANDARD = gnu17;
				GCC_NO_COMMON_BLOCKS = YES;
				GCC_WARN_64_TO_32_BIT_CONVERSION = YES;
				GCC_WARN_ABOUT_RETURN_TYPE = YES_ERROR;
				GCC_WARN_UNDECLARED_SELECTOR = YES;
				GCC_WARN_UNINITIALIZED_AUTOS = YES_AGGRESSIVE;
				GCC_WARN_UNUSED_FUNCTION = YES;
				GCC_WARN_UNUSED_VARIABLE = YES;
				IPHONEOS_DEPLOYMENT_TARGET = 17.2;
				LOCALIZATION_PREFERS_STRING_CATALOGS = YES;
				MTL_ENABLE_DEBUG_INFO = NO;
				MTL_FAST_MATH = YES;
				SDKROOT = iphoneos;
				SWIFT_COMPILATION_MODE = wholemodule;
				VALIDATE_PRODUCT = YES;
			};
			name = Release;
		};
		BE644E3A2BF495D900A6781F /* Debug */ = {
			isa = XCBuildConfiguration;
			buildSettings = {
				ASSETCATALOG_COMPILER_APPICON_NAME = AppIcon;
				ASSETCATALOG_COMPILER_GLOBAL_ACCENT_COLOR_NAME = AccentColor;
				CODE_SIGN_STYLE = Automatic;
				CURRENT_PROJECT_VERSION = 1;
				DEVELOPMENT_ASSET_PATHS = "\"Kryupa/Preview Content\"";
				DEVELOPMENT_TEAM = FS87CRZ2ZU;
				ENABLE_PREVIEWS = YES;
				GENERATE_INFOPLIST_FILE = YES;
				INFOPLIST_FILE = Kryupa/Info.plist;
				INFOPLIST_KEY_NSCameraUsageDescription = "You can take photos to Upload your profile Picture.";
				INFOPLIST_KEY_NSLocationAlwaysUsageDescription = "always permissions";
				INFOPLIST_KEY_NSLocationWhenInUseUsageDescription = "When in use permissions";
				INFOPLIST_KEY_UIApplicationSceneManifest_Generation = YES;
				INFOPLIST_KEY_UIApplicationSupportsIndirectInputEvents = YES;
				INFOPLIST_KEY_UILaunchScreen_Generation = YES;
				INFOPLIST_KEY_UIStatusBarStyle = "";
				INFOPLIST_KEY_UISupportedInterfaceOrientations = UIInterfaceOrientationPortrait;
				INFOPLIST_KEY_UISupportedInterfaceOrientations_iPad = "UIInterfaceOrientationLandscapeLeft UIInterfaceOrientationLandscapeRight UIInterfaceOrientationPortrait UIInterfaceOrientationPortraitUpsideDown";
				INFOPLIST_KEY_UIUserInterfaceStyle = Light;
				LD_RUNPATH_SEARCH_PATHS = (
					"$(inherited)",
					"@executable_path/Frameworks",
				);
				MARKETING_VERSION = 1.0;
				PRODUCT_BUNDLE_IDENTIFIER = Moreyeahs.com.Kryupa;
				PRODUCT_NAME = "$(TARGET_NAME)";
				SUPPORTED_PLATFORMS = "iphoneos iphonesimulator";
				SUPPORTS_MACCATALYST = NO;
				SUPPORTS_MAC_DESIGNED_FOR_IPHONE_IPAD = NO;
				SUPPORTS_XR_DESIGNED_FOR_IPHONE_IPAD = NO;
				SWIFT_EMIT_LOC_STRINGS = YES;
				SWIFT_VERSION = 5.0;
				TARGETED_DEVICE_FAMILY = 1;
			};
			name = Debug;
		};
		BE644E3B2BF495D900A6781F /* Release */ = {
			isa = XCBuildConfiguration;
			buildSettings = {
				ASSETCATALOG_COMPILER_APPICON_NAME = AppIcon;
				ASSETCATALOG_COMPILER_GLOBAL_ACCENT_COLOR_NAME = AccentColor;
				CODE_SIGN_STYLE = Automatic;
				CURRENT_PROJECT_VERSION = 1;
				DEVELOPMENT_ASSET_PATHS = "\"Kryupa/Preview Content\"";
				DEVELOPMENT_TEAM = FS87CRZ2ZU;
				ENABLE_PREVIEWS = YES;
				GENERATE_INFOPLIST_FILE = YES;
				INFOPLIST_FILE = Kryupa/Info.plist;
				INFOPLIST_KEY_NSCameraUsageDescription = "You can take photos to Upload your profile Picture.";
				INFOPLIST_KEY_NSLocationAlwaysUsageDescription = "always permissions";
				INFOPLIST_KEY_NSLocationWhenInUseUsageDescription = "When in use permissions";
				INFOPLIST_KEY_UIApplicationSceneManifest_Generation = YES;
				INFOPLIST_KEY_UIApplicationSupportsIndirectInputEvents = YES;
				INFOPLIST_KEY_UILaunchScreen_Generation = YES;
				INFOPLIST_KEY_UIStatusBarStyle = "";
				INFOPLIST_KEY_UISupportedInterfaceOrientations = UIInterfaceOrientationPortrait;
				INFOPLIST_KEY_UISupportedInterfaceOrientations_iPad = "UIInterfaceOrientationLandscapeLeft UIInterfaceOrientationLandscapeRight UIInterfaceOrientationPortrait UIInterfaceOrientationPortraitUpsideDown";
				INFOPLIST_KEY_UIUserInterfaceStyle = Light;
				LD_RUNPATH_SEARCH_PATHS = (
					"$(inherited)",
					"@executable_path/Frameworks",
				);
				MARKETING_VERSION = 1.0;
				PRODUCT_BUNDLE_IDENTIFIER = Moreyeahs.com.Kryupa;
				PRODUCT_NAME = "$(TARGET_NAME)";
				SUPPORTED_PLATFORMS = "iphoneos iphonesimulator";
				SUPPORTS_MACCATALYST = NO;
				SUPPORTS_MAC_DESIGNED_FOR_IPHONE_IPAD = NO;
				SUPPORTS_XR_DESIGNED_FOR_IPHONE_IPAD = NO;
				SWIFT_EMIT_LOC_STRINGS = YES;
				SWIFT_VERSION = 5.0;
				TARGETED_DEVICE_FAMILY = 1;
			};
			name = Release;
		};
/* End XCBuildConfiguration section */

/* Begin XCConfigurationList section */
		BE644E262BF495D800A6781F /* Build configuration list for PBXProject "Kryupa" */ = {
			isa = XCConfigurationList;
			buildConfigurations = (
				BE644E372BF495D900A6781F /* Debug */,
				BE644E382BF495D900A6781F /* Release */,
			);
			defaultConfigurationIsVisible = 0;
			defaultConfigurationName = Release;
		};
		BE644E392BF495D900A6781F /* Build configuration list for PBXNativeTarget "Kryupa" */ = {
			isa = XCConfigurationList;
			buildConfigurations = (
				BE644E3A2BF495D900A6781F /* Debug */,
				BE644E3B2BF495D900A6781F /* Release */,
			);
			defaultConfigurationIsVisible = 0;
			defaultConfigurationName = Release;
		};
/* End XCConfigurationList section */

/* Begin XCRemoteSwiftPackageReference section */
		BE644E472BF4CBC900A6781F /* XCRemoteSwiftPackageReference "SwiftfulRouting" */ = {
			isa = XCRemoteSwiftPackageReference;
			repositoryURL = "https://github.com/SwiftfulThinking/SwiftfulRouting.git";
			requirement = {
				kind = upToNextMajorVersion;
				minimumVersion = 5.3.4;
			};
		};
		BE644E892BF4D86D00A6781F /* XCRemoteSwiftPackageReference "SwiftfulUI" */ = {
			isa = XCRemoteSwiftPackageReference;
			repositoryURL = "https://github.com/SwiftfulThinking/SwiftfulUI.git";
			requirement = {
				kind = upToNextMajorVersion;
				minimumVersion = 1.2.0;
			};
		};
		BE95D5CA2C0449D400881B3C /* XCRemoteSwiftPackageReference "IQKeyboardManager" */ = {
			isa = XCRemoteSwiftPackageReference;
			repositoryURL = "https://github.com/hackiftekhar/IQKeyboardManager.git";
			requirement = {
				kind = upToNextMajorVersion;
				minimumVersion = 7.0.3;
			};
		};
		BEA63BA62BFDC81900B6A7B0 /* XCRemoteSwiftPackageReference "GoogleSignIn-iOS" */ = {
			isa = XCRemoteSwiftPackageReference;
			repositoryURL = "https://github.com/google/GoogleSignIn-iOS.git";
			requirement = {
				kind = upToNextMajorVersion;
				minimumVersion = 7.1.0;
			};
		};
		BEFC22F32BFDC57900B802A8 /* XCRemoteSwiftPackageReference "firebase-ios-sdk" */ = {
			isa = XCRemoteSwiftPackageReference;
			repositoryURL = "https://github.com/firebase/firebase-ios-sdk";
			requirement = {
				kind = upToNextMajorVersion;
				minimumVersion = 10.26.0;
			};
		};
/* End XCRemoteSwiftPackageReference section */

/* Begin XCSwiftPackageProductDependency section */
		BE644E482BF4CBC900A6781F /* SwiftfulRouting */ = {
			isa = XCSwiftPackageProductDependency;
			package = BE644E472BF4CBC900A6781F /* XCRemoteSwiftPackageReference "SwiftfulRouting" */;
			productName = SwiftfulRouting;
		};
		BE644E8A2BF4D86D00A6781F /* SwiftfulUI */ = {
			isa = XCSwiftPackageProductDependency;
			package = BE644E892BF4D86D00A6781F /* XCRemoteSwiftPackageReference "SwiftfulUI" */;
			productName = SwiftfulUI;
		};
		BE95D5CB2C0449D400881B3C /* IQKeyboardManagerSwift */ = {
			isa = XCSwiftPackageProductDependency;
			package = BE95D5CA2C0449D400881B3C /* XCRemoteSwiftPackageReference "IQKeyboardManager" */;
			productName = IQKeyboardManagerSwift;
		};
		BEA63BA42BFDC73A00B6A7B0 /* FirebaseAuth */ = {
			isa = XCSwiftPackageProductDependency;
			package = BEFC22F32BFDC57900B802A8 /* XCRemoteSwiftPackageReference "firebase-ios-sdk" */;
			productName = FirebaseAuth;
		};
		BEA63BA72BFDC81900B6A7B0 /* GoogleSignIn */ = {
			isa = XCSwiftPackageProductDependency;
			package = BEA63BA62BFDC81900B6A7B0 /* XCRemoteSwiftPackageReference "GoogleSignIn-iOS" */;
			productName = GoogleSignIn;
		};
		BEA63BA92BFDC81900B6A7B0 /* GoogleSignInSwift */ = {
			isa = XCSwiftPackageProductDependency;
			package = BEA63BA62BFDC81900B6A7B0 /* XCRemoteSwiftPackageReference "GoogleSignIn-iOS" */;
			productName = GoogleSignInSwift;
		};
/* End XCSwiftPackageProductDependency section */
	};
	rootObject = BE644E232BF495D800A6781F /* Project object */;
}
